
Microsoft Visual Studio Solution File, Format Version 12.00
# Visual Studio 14
VisualStudioVersion = 14.0.25420.1
MinimumVisualStudioVersion = 10.0.40219.1
Project("{8BC9CEB8-8B4A-11D0-8D11-00A0C91BC942}") = "Lab01_Task01", "Lab01_Task01\Lab01_Task01.vcxproj", "{7769A474-409D-430C-A1C2-C0E223F402AF}"
EndProject
Project("{8BC9CEB8-8B4A-11D0-8D11-00A0C91BC942}") = "Lab01_Task02", "Lab01_Task02\Lab01_Task02.vcxproj", "{A5EA5562-B7E3-4227-BB03-911B06F095AA}"
EndProject
Project("{8BC9CEB8-8B4A-11D0-8D11-00A0C91BC942}") = "Lab01_Task03", "Lab01_Task03\Lab01_Task03.vcxproj", "{45C57B55-C8FE-4330-944F-0439DD168BBC}"
EndProject
Project("{8BC9CEB8-8B4A-11D0-8D11-00A0C91BC942}") = "Lab01_Task04", "Lab01_Task04\Lab01_Task04.vcxproj", "{A804D222-2EAF-4119-8163-42654ECF9DF5}"
EndProject
Project("{8BC9CEB8-8B4A-11D0-8D11-00A0C91BC942}") = "Lab02_Task01", "Lab02_Task01\Lab02_Task01.vcxproj", "{565F57FB-F9ED-424D-9FE4-0954AA84849E}"
EndProject
Project("{8BC9CEB8-8B4A-11D0-8D11-00A0C91BC942}") = "Lab02_Task02", "LabTask02_Task02\LabTask02_Task02.vcxproj", "{7D4BA759-7A78-4D65-B4DB-E6E345951ED9}"
EndProject
Project("{8BC9CEB8-8B4A-11D0-8D11-00A0C91BC942}") = "Lab02_Task03", "Lab02_Task03\Lab02_Task03.vcxproj", "{EF6DBE45-8CF8-4DE7-8BA5-37B6DCDAEBA8}"
EndProject
Project("{8BC9CEB8-8B4A-11D0-8D11-00A0C91BC942}") = "Lab02_Task04", "Lab02_Task04\Lab02_Task04.vcxproj", "{C2027171-C445-4279-B725-23DDFDD90BB4}"
EndProject
Project("{8BC9CEB8-8B4A-11D0-8D11-00A0C91BC942}") = "Lab03_Task01", "Lab03_Task01\Lab03_Task01.vcxproj", "{32AE750F-4F1C-47F4-AFD1-CB50F273605B}"
EndProject
Project("{8BC9CEB8-8B4A-11D0-8D11-00A0C91BC942}") = "Lab03_Task02", "Lab03_Task02\Lab03_Task02.vcxproj", "{256FD98C-C231-4CE0-ACE1-21D084B0C6E9}"
EndProject
Project("{8BC9CEB8-8B4A-11D0-8D11-00A0C91BC942}") = "Lab03_Task03", "Lab03_Task03\Lab03_Task03.vcxproj", "{D206C8F7-13F4-41C0-8788-7C3A4F017A2A}"
EndProject
Project("{8BC9CEB8-8B4A-11D0-8D11-00A0C91BC942}") = "Lab03_Task04", "LabTask03_Task04\LabTask03_Task04.vcxproj", "{AA2A8F2C-6CC7-4A06-A4CA-18347EBD0A75}"
EndProject
Project("{8BC9CEB8-8B4A-11D0-8D11-00A0C91BC942}") = "Lab03_Task05", "Lab03_Task05\Lab03_Task05.vcxproj", "{87C90F32-8AB6-4621-BAC1-E4A5FA808812}"
EndProject
Project("{8BC9CEB8-8B4A-11D0-8D11-00A0C91BC942}") = "Lab03_Task07.1", "Lab03_Task07.1\Lab03_Task07.1.vcxproj", "{BB7535DB-BD74-41CD-BB5C-E55554CAC6BA}"
EndProject
Project("{8BC9CEB8-8B4A-11D0-8D11-00A0C91BC942}") = "Lab03_Task07.2", "Lab03_Task07.2\Lab03_Task07.2.vcxproj", "{04831228-FCE7-403D-AD0C-546858C9DCC4}"
EndProject
Project("{8BC9CEB8-8B4A-11D0-8D11-00A0C91BC942}") = "Lab03_Task06.1", "Lab03_Task06.1\Lab03_Task06.1.vcxproj", "{BD025B61-F6F0-41C7-9E87-0CB948FDCA7D}"
EndProject
Project("{8BC9CEB8-8B4A-11D0-8D11-00A0C91BC942}") = "Lab03_Task06.2", "Lab03_Task06.2\Lab03_Task06.2.vcxproj", "{D2E1729D-C9AE-4434-BBF5-3FC595D3F9D1}"
EndProject
Project("{8BC9CEB8-8B4A-11D0-8D11-00A0C91BC942}") = "Lab04_Task01", "Lab04_Task01\Lab04_Task01.vcxproj", "{762AA18C-E7AE-40E5-96AF-250AA8DA4BB0}"
EndProject
Project("{8BC9CEB8-8B4A-11D0-8D11-00A0C91BC942}") = "Lab04_Task02", "Lab04_Task02\Lab04_Task02.vcxproj", "{3A17D7C7-F987-43AC-9FC3-B414789D0B0B}"
EndProject
Project("{8BC9CEB8-8B4A-11D0-8D11-00A0C91BC942}") = "Lab04_Task04", "Lab04_Task04\Lab04_Task04.vcxproj", "{00C65561-8A8B-4DB1-9D2F-570B4847F4A5}"
EndProject
Project("{8BC9CEB8-8B4A-11D0-8D11-00A0C91BC942}") = "Lab04_Task03", "Lab04_Task03\Lab04_Task03.vcxproj", "{F37B0AA6-9360-46DE-BC94-2A548CBD9509}"
EndProject
Project("{8BC9CEB8-8B4A-11D0-8D11-00A0C91BC942}") = "Lab04_Task05", "Lab04_Task05\Lab04_Task05.vcxproj", "{1BDFCB4F-6ED3-45C1-AEE7-D3734A578DFA}"
EndProject
Project("{8BC9CEB8-8B4A-11D0-8D11-00A0C91BC942}") = "Lab04_Task06", "Lab04_Task06\Lab04_Task06.vcxproj", "{8E06C03F-7CC5-4064-BBAE-EFF3938B1672}"
EndProject
Project("{8BC9CEB8-8B4A-11D0-8D11-00A0C91BC942}") = "Lab05_Task01", "Lab05_Task01\Lab05_Task01.vcxproj", "{2AF27F03-EDB7-45BC-B6AE-38C57AF83B8C}"
EndProject
Project("{8BC9CEB8-8B4A-11D0-8D11-00A0C91BC942}") = "Lab05_Task02", "Lab05_Task02\Lab05_Task02.vcxproj", "{DFACDC46-CDC7-4373-87BB-ECFCE2493542}"
EndProject
Project("{8BC9CEB8-8B4A-11D0-8D11-00A0C91BC942}") = "Lab05_Task04", "Lab05_Task04\Lab05_Task04.vcxproj", "{3A3C3AC4-4EF0-403D-A92C-5DF7761E63C7}"
EndProject
Project("{8BC9CEB8-8B4A-11D0-8D11-00A0C91BC942}") = "Lab05_Task03", "Lab05_Task03\Lab05_Task03.vcxproj", "{D0B0D393-379D-46EA-A862-33239A544FE0}"
EndProject
Project("{8BC9CEB8-8B4A-11D0-8D11-00A0C91BC942}") = "Lab05_Task05", "Lab05_Task05\Lab05_Task05.vcxproj", "{80E111B4-D01A-4AEE-A22B-31A16E0D4782}"
EndProject
Project("{8BC9CEB8-8B4A-11D0-8D11-00A0C91BC942}") = "Lab05_Task06", "Lab05_Task06\Lab05_Task06.vcxproj", "{279C5531-CDA9-4666-B1DD-436B1972477F}"
EndProject
Project("{8BC9CEB8-8B4A-11D0-8D11-00A0C91BC942}") = "Lab06_Task01", "Lab06_Task01\Lab06_Task01.vcxproj", "{25CB2E74-15F6-4799-A0D4-FB54B7EC973B}"
EndProject
Project("{8BC9CEB8-8B4A-11D0-8D11-00A0C91BC942}") = "Lab06_Task02", "Lab06_Task02\Lab06_Task02.vcxproj", "{23EA74AD-C5FE-4F0F-9163-31CC03041943}"
EndProject
Project("{8BC9CEB8-8B4A-11D0-8D11-00A0C91BC942}") = "Lab06_Task03", "Lab06_Task03\Lab06_Task03.vcxproj", "{53B349EC-A8D6-4D33-85FA-5A3FD7AD1839}"
EndProject
Project("{8BC9CEB8-8B4A-11D0-8D11-00A0C91BC942}") = "Lab06_Task04", "Lab06_Task04\Lab06_Task04.vcxproj", "{1470B86A-D40B-48D2-850C-AC97BF7A3EBF}"
EndProject
Project("{8BC9CEB8-8B4A-11D0-8D11-00A0C91BC942}") = "Lab06_Task05", "Lab06_Task05\Lab06_Task05.vcxproj", "{21F86BF8-23F6-4E09-B636-23E256494CFA}"
EndProject
Project("{8BC9CEB8-8B4A-11D0-8D11-00A0C91BC942}") = "Lab06_Task06", "Lab06_Task06\Lab06_Task06.vcxproj", "{D0164F72-B387-465C-92A2-6D79E75CA600}"
EndProject
Project("{8BC9CEB8-8B4A-11D0-8D11-00A0C91BC942}") = "Lab07_Task01", "Lab07_Task01\Lab07_Task01.vcxproj", "{ED6F7C50-4225-48F4-8547-F47B102A13D1}"
EndProject
Project("{8BC9CEB8-8B4A-11D0-8D11-00A0C91BC942}") = "Lab07_Task02", "Lab07_Task02\Lab07_Task02.vcxproj", "{2249E1B7-A1D4-4E60-9A91-19F31B3F6487}"
EndProject
Project("{8BC9CEB8-8B4A-11D0-8D11-00A0C91BC942}") = "Lab07_Task04", "Lab07_Task04\Lab07_Task04.vcxproj", "{E1D22EB3-B34B-4521-9800-772698E87B8F}"
EndProject
Project("{8BC9CEB8-8B4A-11D0-8D11-00A0C91BC942}") = "Lab07_Task05", "Lab07_Task05\Lab07_Task05.vcxproj", "{6E32D204-61AD-4A19-BD48-FD7DF55D5FD4}"
EndProject
Project("{8BC9CEB8-8B4A-11D0-8D11-00A0C91BC942}") = "Lab07_Task06", "Lab07_Task06\Lab07_Task06.vcxproj", "{B820DF1C-337A-4433-B276-3CC6FAC4373E}"
EndProject
Project("{8BC9CEB8-8B4A-11D0-8D11-00A0C91BC942}") = "Lab08_Task01", "Lab08_Task01\Lab08_Task01.vcxproj", "{B9DA0315-934F-4522-9A84-F4DADB73B1CF}"
EndProject
Project("{8BC9CEB8-8B4A-11D0-8D11-00A0C91BC942}") = "Lab08_Task02", "Lab08_Task02\Lab08_Task02.vcxproj", "{0630FE0C-BC76-442B-BE9C-BB1308AE3673}"
EndProject
Project("{8BC9CEB8-8B4A-11D0-8D11-00A0C91BC942}") = "Lab08_Task03", "Lab08_Task03\Lab08_Task03.vcxproj", "{D8AB27B6-024F-474F-8EF3-0150D05FA44C}"
EndProject
Project("{8BC9CEB8-8B4A-11D0-8D11-00A0C91BC942}") = "Lab08_Task04", "Lab08_Task04\Lab08_Task04.vcxproj", "{1D3BB355-89AB-4247-BB77-515026CC2C3B}"
EndProject
Project("{8BC9CEB8-8B4A-11D0-8D11-00A0C91BC942}") = "Lab08_Task06", "Lab08_Task06\Lab08_Task06.vcxproj", "{09998FDD-447C-49FB-85B8-05AD26D06455}"
EndProject
Project("{8BC9CEB8-8B4A-11D0-8D11-00A0C91BC942}") = "Lab08_Task07", "Lab08_Task07\Lab08_Task07.vcxproj", "{FFEF88D0-0351-48BB-9ED5-3A1A938E9630}"
EndProject
Project("{2150E333-8FDC-42A3-9474-1A3956D46DE8}") = "Lab01", "Lab01", "{13277A29-97AC-4EE0-A884-E7E6276D2132}"
EndProject
Project("{2150E333-8FDC-42A3-9474-1A3956D46DE8}") = "Lab02", "Lab02", "{ACB5E331-8D2B-4134-9666-1B57707B5F7E}"
EndProject
Project("{2150E333-8FDC-42A3-9474-1A3956D46DE8}") = "Lab03", "Lab03", "{19E5EE35-4DCD-41CE-856E-C81488B6FA06}"
EndProject
Project("{2150E333-8FDC-42A3-9474-1A3956D46DE8}") = "Lab04", "Lab04", "{39833462-FAEA-42C6-B420-7341754C7B45}"
EndProject
Project("{2150E333-8FDC-42A3-9474-1A3956D46DE8}") = "Lab05", "Lab05", "{87247E6F-C1FC-4BE2-A3E5-55D39DA3F7A5}"
EndProject
Project("{2150E333-8FDC-42A3-9474-1A3956D46DE8}") = "Lab06", "Lab06", "{FC6CD910-79F1-44C9-AC03-667B45EB9C37}"
EndProject
Project("{2150E333-8FDC-42A3-9474-1A3956D46DE8}") = "Lab07", "Lab07", "{8CF02892-31C3-4F39-AC49-DEBA597CF068}"
EndProject
Project("{2150E333-8FDC-42A3-9474-1A3956D46DE8}") = "Lab08", "Lab08", "{B31703D7-484B-4FB3-A7DF-744EF9B45B28}"
EndProject
Project("{8BC9CEB8-8B4A-11D0-8D11-00A0C91BC942}") = "Lab07_Task03.1", "Lab07_Task03.1\Lab07_Task03.1.vcxproj", "{F488CABB-487E-4292-9D02-671004720B90}"
EndProject
Project("{2150E333-8FDC-42A3-9474-1A3956D46DE8}") = "Lab09", "Lab09", "{BC04B0F3-A9FA-4519-951D-DF98DBE5471A}"
EndProject
Project("{8BC9CEB8-8B4A-11D0-8D11-00A0C91BC942}") = "Lab09_Task01", "Lab09_Task01\Lab09_Task01.vcxproj", "{C9D351B7-EAD7-4841-84FF-8B24AE177E4E}"
EndProject
Project("{8BC9CEB8-8B4A-11D0-8D11-00A0C91BC942}") = "Lab09_Task02", "Lab09_Task02\Lab09_Task02.vcxproj", "{819E316C-64EB-45BD-B839-057DD2A53AEC}"
EndProject
Project("{8BC9CEB8-8B4A-11D0-8D11-00A0C91BC942}") = "Lab09_Task03", "Lab09_Task03\Lab09_Task03.vcxproj", "{29877A3C-5906-4E3D-AFC8-47FB51D707BF}"
EndProject
Project("{2150E333-8FDC-42A3-9474-1A3956D46DE8}") = "Lab10", "Lab10", "{7228AB4A-236A-4C21-9C47-393AE423BB35}"
EndProject
Project("{2150E333-8FDC-42A3-9474-1A3956D46DE8}") = "Lab11", "Lab11", "{C6FB3DE3-6A02-4B50-ACA9-8EC760ACFD7B}"
EndProject
Project("{8BC9CEB8-8B4A-11D0-8D11-00A0C91BC942}") = "Lab11_Task01", "Lab11_Task01\Lab11_Task01.vcxproj", "{93C4146D-147F-4886-B2AC-E718B7A57D1B}"
EndProject
Project("{8BC9CEB8-8B4A-11D0-8D11-00A0C91BC942}") = "Lab11_Task02", "Lab11_Task02\Lab11_Task02.vcxproj", "{A55E6D85-B259-40C3-87AC-F2BB41DFF8DF}"
EndProject
Project("{8BC9CEB8-8B4A-11D0-8D11-00A0C91BC942}") = "Lab11_Task03", "Lab11_Task03\Lab11_Task03.vcxproj", "{400A42C3-F911-4D55-9CD0-A36BE57FB232}"
EndProject
Project("{8BC9CEB8-8B4A-11D0-8D11-00A0C91BC942}") = "Lab09_Task04", "Lab09_Task04\Lab09_Task04.vcxproj", "{A86C2E03-62F3-4E24-9384-5B9452C33151}"
EndProject
Project("{8BC9CEB8-8B4A-11D0-8D11-00A0C91BC942}") = "Lab11_Task04", "Lab11_Task04\Lab11_Task04.vcxproj", "{321E3EF1-2060-4504-ABB8-7222249BA973}"
EndProject
Project("{8BC9CEB8-8B4A-11D0-8D11-00A0C91BC942}") = "Lab11_Task05", "Lab11_Task05\Lab11_Task05.vcxproj", "{AD3623FE-D46D-4968-8369-BD5439A6B386}"
EndProject
Project("{8BC9CEB8-8B4A-11D0-8D11-00A0C91BC942}") = "Lab11_Task06", "Lab11_Task06\Lab11_Task06.vcxproj", "{E8443487-6360-4666-B09E-3F19C1B0A3E3}"
EndProject
Project("{8BC9CEB8-8B4A-11D0-8D11-00A0C91BC942}") = "Lab11_Task07", "Lab11_Task07\Lab11_Task07.vcxproj", "{BBA3BFCC-1BA0-4BF4-A4EC-D82969880D30}"
EndProject
Project("{8BC9CEB8-8B4A-11D0-8D11-00A0C91BC942}") = "Lab10_Task01", "Task01\Task01.vcxproj", "{5869C50F-6EBF-4111-8D40-357883886705}"
EndProject
Project("{2150E333-8FDC-42A3-9474-1A3956D46DE8}") = "Lab12", "Lab12", "{FAA24C33-E643-4879-B797-B0DB1EAB1BB0}"
EndProject
Project("{8BC9CEB8-8B4A-11D0-8D11-00A0C91BC942}") = "Lab12_Task03", "Task03\Task03.vcxproj", "{5EE731EE-20AE-4B44-A73C-358A25945A14}"
EndProject
Project("{8BC9CEB8-8B4A-11D0-8D11-00A0C91BC942}") = "Lab10_Task02", "Task02\Task02.vcxproj", "{447D124F-F6B2-4549-A36E-795C1D71EF82}"
EndProject
Project("{8BC9CEB8-8B4A-11D0-8D11-00A0C91BC942}") = "Lab10_Task03", "Lab10_Task03\Lab10_Task03.vcxproj", "{0FA3A5A7-712A-4F60-9524-5B76B4F5E10E}"
EndProject
Project("{8BC9CEB8-8B4A-11D0-8D11-00A0C91BC942}") = "Lab10_Task04", "Lab10_Task04\Lab10_Task04.vcxproj", "{71995FCB-A227-4D5E-8FA5-9351CBDB597B}"
EndProject
Project("{8BC9CEB8-8B4A-11D0-8D11-00A0C91BC942}") = "Lab10_Task05", "Lab10_Task_05\Lab10_Task_05.vcxproj", "{7AF170B2-7DA9-41FB-B621-E24D9BAB41D7}"
EndProject
Project("{8BC9CEB8-8B4A-11D0-8D11-00A0C91BC942}") = "Lab12_Task01", "Lab12_Task01\Lab12_Task01.vcxproj", "{5D06813D-1EDD-49F9-B3E0-CEAF759029FD}"
EndProject
Project("{8BC9CEB8-8B4A-11D0-8D11-00A0C91BC942}") = "Lab12_Task02", "Lab12_Task02\Lab12_Task02.vcxproj", "{3ABB800F-1B52-4EDB-8FA2-F7A6D67D9FAF}"
EndProject
Project("{2150E333-8FDC-42A3-9474-1A3956D46DE8}") = "Lab13", "Lab13", "{E94B41FE-9555-49E6-9C1F-7442F3CD1C25}"
EndProject
Project("{8BC9CEB8-8B4A-11D0-8D11-00A0C91BC942}") = "Lab13_Task01", "Lab13_Task01\Lab13_Task01.vcxproj", "{487D58ED-1F87-4A86-BD86-BF84CE4D1EE5}"
EndProject
Project("{8BC9CEB8-8B4A-11D0-8D11-00A0C91BC942}") = "Lab13_Task02", "Lab13_Task02\Lab13_Task02.vcxproj", "{3D548370-93AC-426C-909B-A714E4B6152A}"
EndProject
Project("{8BC9CEB8-8B4A-11D0-8D11-00A0C91BC942}") = "Lab13_Task03", "Lab13_Task03\Lab13_Task03.vcxproj", "{2624BE27-7D42-4276-8FB0-9AA03BCC79BF}"
EndProject
Project("{8BC9CEB8-8B4A-11D0-8D11-00A0C91BC942}") = "Lab13_Task04", "Lab13_Task04\Lab13_Task04.vcxproj", "{CA684825-0150-4BF8-8566-C7CE2358F949}"
EndProject
Project("{8BC9CEB8-8B4A-11D0-8D11-00A0C91BC942}") = "Lab13_Task05", "Lab13_Task05\Lab13_Task05.vcxproj", "{6E509771-D4A6-4A91-ACD4-A49AF0339BD9}"
EndProject
Project("{8BC9CEB8-8B4A-11D0-8D11-00A0C91BC942}") = "Lab13_Task06", "Lab13_Task06\Lab13_Task06.vcxproj", "{3E973FF5-FB7B-4B39-A958-4C8CE8241B3E}"
EndProject
Project("{8BC9CEB8-8B4A-11D0-8D11-00A0C91BC942}") = "Lab13_Task07", "Lab13_Task07\Lab13_Task07.vcxproj", "{3666DEFD-8F67-4677-AB3A-A8D7D7A7275F}"
EndProject
Project("{8BC9CEB8-8B4A-11D0-8D11-00A0C91BC942}") = "Project2", "Project2\Project2.vcxproj", "{29A3B57A-9096-47AB-9C48-D86ED7D7EFF0}"
EndProject
Project("{8BC9CEB8-8B4A-11D0-8D11-00A0C91BC942}") = "Project3", "Project3\Project3.vcxproj", "{79ECCB65-3892-49E6-8806-7D5F30241B9C}"
EndProject
Project("{2150E333-8FDC-42A3-9474-1A3956D46DE8}") = "Lab14", "Lab14", "{212D0284-9D4F-46C8-8C9A-5ECCE96E412D}"
EndProject
Project("{8BC9CEB8-8B4A-11D0-8D11-00A0C91BC942}") = "Lab14_Task01", "Lab14_Task01\Lab14_Task01.vcxproj", "{A0872336-AF6E-4328-8073-6A2CA2630B40}"
EndProject
Project("{8BC9CEB8-8B4A-11D0-8D11-00A0C91BC942}") = "Lab14_Task02", "Lab14_Task02\Lab14_Task02.vcxproj", "{06ED69C5-06BC-4C91-8034-FF7F2B6936B3}"
EndProject
Project("{8BC9CEB8-8B4A-11D0-8D11-00A0C91BC942}") = "Lab14_Task03", "Lab14_Task03\Lab14_Task03.vcxproj", "{97EE3659-D286-417C-B72D-5B87A474C85E}"
EndProject
Project("{8BC9CEB8-8B4A-11D0-8D11-00A0C91BC942}") = "Lab14_Task04", "Lab14_Task04\Lab14_Task04.vcxproj", "{876ED1C4-2E50-4289-BCCF-C7E5F55C0736}"
EndProject
Project("{8BC9CEB8-8B4A-11D0-8D11-00A0C91BC942}") = "Lab14_Task05", "Lab14_Task05\Lab14_Task05.vcxproj", "{77599ECE-9E5E-4198-A685-376A1FE01A44}"
EndProject
Project("{8BC9CEB8-8B4A-11D0-8D11-00A0C91BC942}") = "Lab14_Task06", "Lab14_Task06\Lab14_Task06.vcxproj", "{7A1EC5DD-6B15-48A0-9163-35278024597E}"
EndProject
Global
	GlobalSection(SolutionConfigurationPlatforms) = preSolution
		Debug|Any CPU = Debug|Any CPU
		Debug|x64 = Debug|x64
		Debug|x86 = Debug|x86
		Release|Any CPU = Release|Any CPU
		Release|x64 = Release|x64
		Release|x86 = Release|x86
	EndGlobalSection
	GlobalSection(ProjectConfigurationPlatforms) = postSolution
		{7769A474-409D-430C-A1C2-C0E223F402AF}.Debug|Any CPU.ActiveCfg = Debug|Win32
		{7769A474-409D-430C-A1C2-C0E223F402AF}.Debug|x64.ActiveCfg = Debug|x64
		{7769A474-409D-430C-A1C2-C0E223F402AF}.Debug|x64.Build.0 = Debug|x64
		{7769A474-409D-430C-A1C2-C0E223F402AF}.Debug|x86.ActiveCfg = Debug|Win32
		{7769A474-409D-430C-A1C2-C0E223F402AF}.Debug|x86.Build.0 = Debug|Win32
		{7769A474-409D-430C-A1C2-C0E223F402AF}.Release|Any CPU.ActiveCfg = Release|Win32
		{7769A474-409D-430C-A1C2-C0E223F402AF}.Release|x64.ActiveCfg = Release|x64
		{7769A474-409D-430C-A1C2-C0E223F402AF}.Release|x64.Build.0 = Release|x64
		{7769A474-409D-430C-A1C2-C0E223F402AF}.Release|x86.ActiveCfg = Release|Win32
		{7769A474-409D-430C-A1C2-C0E223F402AF}.Release|x86.Build.0 = Release|Win32
		{A5EA5562-B7E3-4227-BB03-911B06F095AA}.Debug|Any CPU.ActiveCfg = Debug|Win32
		{A5EA5562-B7E3-4227-BB03-911B06F095AA}.Debug|x64.ActiveCfg = Debug|x64
		{A5EA5562-B7E3-4227-BB03-911B06F095AA}.Debug|x64.Build.0 = Debug|x64
		{A5EA5562-B7E3-4227-BB03-911B06F095AA}.Debug|x86.ActiveCfg = Debug|Win32
		{A5EA5562-B7E3-4227-BB03-911B06F095AA}.Debug|x86.Build.0 = Debug|Win32
		{A5EA5562-B7E3-4227-BB03-911B06F095AA}.Release|Any CPU.ActiveCfg = Release|Win32
		{A5EA5562-B7E3-4227-BB03-911B06F095AA}.Release|x64.ActiveCfg = Release|x64
		{A5EA5562-B7E3-4227-BB03-911B06F095AA}.Release|x64.Build.0 = Release|x64
		{A5EA5562-B7E3-4227-BB03-911B06F095AA}.Release|x86.ActiveCfg = Release|Win32
		{A5EA5562-B7E3-4227-BB03-911B06F095AA}.Release|x86.Build.0 = Release|Win32
		{45C57B55-C8FE-4330-944F-0439DD168BBC}.Debug|Any CPU.ActiveCfg = Debug|Win32
		{45C57B55-C8FE-4330-944F-0439DD168BBC}.Debug|x64.ActiveCfg = Debug|x64
		{45C57B55-C8FE-4330-944F-0439DD168BBC}.Debug|x64.Build.0 = Debug|x64
		{45C57B55-C8FE-4330-944F-0439DD168BBC}.Debug|x86.ActiveCfg = Debug|Win32
		{45C57B55-C8FE-4330-944F-0439DD168BBC}.Debug|x86.Build.0 = Debug|Win32
		{45C57B55-C8FE-4330-944F-0439DD168BBC}.Release|Any CPU.ActiveCfg = Release|Win32
		{45C57B55-C8FE-4330-944F-0439DD168BBC}.Release|x64.ActiveCfg = Release|x64
		{45C57B55-C8FE-4330-944F-0439DD168BBC}.Release|x64.Build.0 = Release|x64
		{45C57B55-C8FE-4330-944F-0439DD168BBC}.Release|x86.ActiveCfg = Release|Win32
		{45C57B55-C8FE-4330-944F-0439DD168BBC}.Release|x86.Build.0 = Release|Win32
		{A804D222-2EAF-4119-8163-42654ECF9DF5}.Debug|Any CPU.ActiveCfg = Debug|Win32
		{A804D222-2EAF-4119-8163-42654ECF9DF5}.Debug|x64.ActiveCfg = Debug|x64
		{A804D222-2EAF-4119-8163-42654ECF9DF5}.Debug|x64.Build.0 = Debug|x64
		{A804D222-2EAF-4119-8163-42654ECF9DF5}.Debug|x86.ActiveCfg = Debug|Win32
		{A804D222-2EAF-4119-8163-42654ECF9DF5}.Debug|x86.Build.0 = Debug|Win32
		{A804D222-2EAF-4119-8163-42654ECF9DF5}.Release|Any CPU.ActiveCfg = Release|Win32
		{A804D222-2EAF-4119-8163-42654ECF9DF5}.Release|x64.ActiveCfg = Release|x64
		{A804D222-2EAF-4119-8163-42654ECF9DF5}.Release|x64.Build.0 = Release|x64
		{A804D222-2EAF-4119-8163-42654ECF9DF5}.Release|x86.ActiveCfg = Release|Win32
		{A804D222-2EAF-4119-8163-42654ECF9DF5}.Release|x86.Build.0 = Release|Win32
		{565F57FB-F9ED-424D-9FE4-0954AA84849E}.Debug|Any CPU.ActiveCfg = Debug|Win32
		{565F57FB-F9ED-424D-9FE4-0954AA84849E}.Debug|x64.ActiveCfg = Debug|x64
		{565F57FB-F9ED-424D-9FE4-0954AA84849E}.Debug|x64.Build.0 = Debug|x64
		{565F57FB-F9ED-424D-9FE4-0954AA84849E}.Debug|x86.ActiveCfg = Debug|Win32
		{565F57FB-F9ED-424D-9FE4-0954AA84849E}.Debug|x86.Build.0 = Debug|Win32
		{565F57FB-F9ED-424D-9FE4-0954AA84849E}.Release|Any CPU.ActiveCfg = Release|Win32
		{565F57FB-F9ED-424D-9FE4-0954AA84849E}.Release|x64.ActiveCfg = Release|x64
		{565F57FB-F9ED-424D-9FE4-0954AA84849E}.Release|x64.Build.0 = Release|x64
		{565F57FB-F9ED-424D-9FE4-0954AA84849E}.Release|x86.ActiveCfg = Release|Win32
		{565F57FB-F9ED-424D-9FE4-0954AA84849E}.Release|x86.Build.0 = Release|Win32
		{7D4BA759-7A78-4D65-B4DB-E6E345951ED9}.Debug|Any CPU.ActiveCfg = Debug|Win32
		{7D4BA759-7A78-4D65-B4DB-E6E345951ED9}.Debug|x64.ActiveCfg = Debug|x64
		{7D4BA759-7A78-4D65-B4DB-E6E345951ED9}.Debug|x64.Build.0 = Debug|x64
		{7D4BA759-7A78-4D65-B4DB-E6E345951ED9}.Debug|x86.ActiveCfg = Debug|Win32
		{7D4BA759-7A78-4D65-B4DB-E6E345951ED9}.Debug|x86.Build.0 = Debug|Win32
		{7D4BA759-7A78-4D65-B4DB-E6E345951ED9}.Release|Any CPU.ActiveCfg = Release|Win32
		{7D4BA759-7A78-4D65-B4DB-E6E345951ED9}.Release|x64.ActiveCfg = Release|x64
		{7D4BA759-7A78-4D65-B4DB-E6E345951ED9}.Release|x64.Build.0 = Release|x64
		{7D4BA759-7A78-4D65-B4DB-E6E345951ED9}.Release|x86.ActiveCfg = Release|Win32
		{7D4BA759-7A78-4D65-B4DB-E6E345951ED9}.Release|x86.Build.0 = Release|Win32
		{EF6DBE45-8CF8-4DE7-8BA5-37B6DCDAEBA8}.Debug|Any CPU.ActiveCfg = Debug|Win32
		{EF6DBE45-8CF8-4DE7-8BA5-37B6DCDAEBA8}.Debug|x64.ActiveCfg = Debug|x64
		{EF6DBE45-8CF8-4DE7-8BA5-37B6DCDAEBA8}.Debug|x64.Build.0 = Debug|x64
		{EF6DBE45-8CF8-4DE7-8BA5-37B6DCDAEBA8}.Debug|x86.ActiveCfg = Debug|Win32
		{EF6DBE45-8CF8-4DE7-8BA5-37B6DCDAEBA8}.Debug|x86.Build.0 = Debug|Win32
		{EF6DBE45-8CF8-4DE7-8BA5-37B6DCDAEBA8}.Release|Any CPU.ActiveCfg = Release|Win32
		{EF6DBE45-8CF8-4DE7-8BA5-37B6DCDAEBA8}.Release|x64.ActiveCfg = Release|x64
		{EF6DBE45-8CF8-4DE7-8BA5-37B6DCDAEBA8}.Release|x64.Build.0 = Release|x64
		{EF6DBE45-8CF8-4DE7-8BA5-37B6DCDAEBA8}.Release|x86.ActiveCfg = Release|Win32
		{EF6DBE45-8CF8-4DE7-8BA5-37B6DCDAEBA8}.Release|x86.Build.0 = Release|Win32
		{C2027171-C445-4279-B725-23DDFDD90BB4}.Debug|Any CPU.ActiveCfg = Debug|Win32
		{C2027171-C445-4279-B725-23DDFDD90BB4}.Debug|x64.ActiveCfg = Debug|x64
		{C2027171-C445-4279-B725-23DDFDD90BB4}.Debug|x64.Build.0 = Debug|x64
		{C2027171-C445-4279-B725-23DDFDD90BB4}.Debug|x86.ActiveCfg = Debug|Win32
		{C2027171-C445-4279-B725-23DDFDD90BB4}.Debug|x86.Build.0 = Debug|Win32
		{C2027171-C445-4279-B725-23DDFDD90BB4}.Release|Any CPU.ActiveCfg = Release|Win32
		{C2027171-C445-4279-B725-23DDFDD90BB4}.Release|x64.ActiveCfg = Release|x64
		{C2027171-C445-4279-B725-23DDFDD90BB4}.Release|x64.Build.0 = Release|x64
		{C2027171-C445-4279-B725-23DDFDD90BB4}.Release|x86.ActiveCfg = Release|Win32
		{C2027171-C445-4279-B725-23DDFDD90BB4}.Release|x86.Build.0 = Release|Win32
		{32AE750F-4F1C-47F4-AFD1-CB50F273605B}.Debug|Any CPU.ActiveCfg = Debug|Win32
		{32AE750F-4F1C-47F4-AFD1-CB50F273605B}.Debug|x64.ActiveCfg = Debug|x64
		{32AE750F-4F1C-47F4-AFD1-CB50F273605B}.Debug|x64.Build.0 = Debug|x64
		{32AE750F-4F1C-47F4-AFD1-CB50F273605B}.Debug|x86.ActiveCfg = Debug|Win32
		{32AE750F-4F1C-47F4-AFD1-CB50F273605B}.Debug|x86.Build.0 = Debug|Win32
		{32AE750F-4F1C-47F4-AFD1-CB50F273605B}.Release|Any CPU.ActiveCfg = Release|Win32
		{32AE750F-4F1C-47F4-AFD1-CB50F273605B}.Release|x64.ActiveCfg = Release|x64
		{32AE750F-4F1C-47F4-AFD1-CB50F273605B}.Release|x64.Build.0 = Release|x64
		{32AE750F-4F1C-47F4-AFD1-CB50F273605B}.Release|x86.ActiveCfg = Release|Win32
		{32AE750F-4F1C-47F4-AFD1-CB50F273605B}.Release|x86.Build.0 = Release|Win32
		{256FD98C-C231-4CE0-ACE1-21D084B0C6E9}.Debug|Any CPU.ActiveCfg = Debug|Win32
		{256FD98C-C231-4CE0-ACE1-21D084B0C6E9}.Debug|x64.ActiveCfg = Debug|x64
		{256FD98C-C231-4CE0-ACE1-21D084B0C6E9}.Debug|x64.Build.0 = Debug|x64
		{256FD98C-C231-4CE0-ACE1-21D084B0C6E9}.Debug|x86.ActiveCfg = Debug|Win32
		{256FD98C-C231-4CE0-ACE1-21D084B0C6E9}.Debug|x86.Build.0 = Debug|Win32
		{256FD98C-C231-4CE0-ACE1-21D084B0C6E9}.Release|Any CPU.ActiveCfg = Release|Win32
		{256FD98C-C231-4CE0-ACE1-21D084B0C6E9}.Release|x64.ActiveCfg = Release|x64
		{256FD98C-C231-4CE0-ACE1-21D084B0C6E9}.Release|x64.Build.0 = Release|x64
		{256FD98C-C231-4CE0-ACE1-21D084B0C6E9}.Release|x86.ActiveCfg = Release|Win32
		{256FD98C-C231-4CE0-ACE1-21D084B0C6E9}.Release|x86.Build.0 = Release|Win32
		{D206C8F7-13F4-41C0-8788-7C3A4F017A2A}.Debug|Any CPU.ActiveCfg = Debug|Win32
		{D206C8F7-13F4-41C0-8788-7C3A4F017A2A}.Debug|x64.ActiveCfg = Debug|x64
		{D206C8F7-13F4-41C0-8788-7C3A4F017A2A}.Debug|x64.Build.0 = Debug|x64
		{D206C8F7-13F4-41C0-8788-7C3A4F017A2A}.Debug|x86.ActiveCfg = Debug|Win32
		{D206C8F7-13F4-41C0-8788-7C3A4F017A2A}.Debug|x86.Build.0 = Debug|Win32
		{D206C8F7-13F4-41C0-8788-7C3A4F017A2A}.Release|Any CPU.ActiveCfg = Release|Win32
		{D206C8F7-13F4-41C0-8788-7C3A4F017A2A}.Release|x64.ActiveCfg = Release|x64
		{D206C8F7-13F4-41C0-8788-7C3A4F017A2A}.Release|x64.Build.0 = Release|x64
		{D206C8F7-13F4-41C0-8788-7C3A4F017A2A}.Release|x86.ActiveCfg = Release|Win32
		{D206C8F7-13F4-41C0-8788-7C3A4F017A2A}.Release|x86.Build.0 = Release|Win32
		{AA2A8F2C-6CC7-4A06-A4CA-18347EBD0A75}.Debug|Any CPU.ActiveCfg = Debug|Win32
		{AA2A8F2C-6CC7-4A06-A4CA-18347EBD0A75}.Debug|x64.ActiveCfg = Debug|x64
		{AA2A8F2C-6CC7-4A06-A4CA-18347EBD0A75}.Debug|x64.Build.0 = Debug|x64
		{AA2A8F2C-6CC7-4A06-A4CA-18347EBD0A75}.Debug|x86.ActiveCfg = Debug|Win32
		{AA2A8F2C-6CC7-4A06-A4CA-18347EBD0A75}.Debug|x86.Build.0 = Debug|Win32
		{AA2A8F2C-6CC7-4A06-A4CA-18347EBD0A75}.Release|Any CPU.ActiveCfg = Release|Win32
		{AA2A8F2C-6CC7-4A06-A4CA-18347EBD0A75}.Release|x64.ActiveCfg = Release|x64
		{AA2A8F2C-6CC7-4A06-A4CA-18347EBD0A75}.Release|x64.Build.0 = Release|x64
		{AA2A8F2C-6CC7-4A06-A4CA-18347EBD0A75}.Release|x86.ActiveCfg = Release|Win32
		{AA2A8F2C-6CC7-4A06-A4CA-18347EBD0A75}.Release|x86.Build.0 = Release|Win32
		{87C90F32-8AB6-4621-BAC1-E4A5FA808812}.Debug|Any CPU.ActiveCfg = Debug|Win32
		{87C90F32-8AB6-4621-BAC1-E4A5FA808812}.Debug|x64.ActiveCfg = Debug|x64
		{87C90F32-8AB6-4621-BAC1-E4A5FA808812}.Debug|x64.Build.0 = Debug|x64
		{87C90F32-8AB6-4621-BAC1-E4A5FA808812}.Debug|x86.ActiveCfg = Debug|Win32
		{87C90F32-8AB6-4621-BAC1-E4A5FA808812}.Debug|x86.Build.0 = Debug|Win32
		{87C90F32-8AB6-4621-BAC1-E4A5FA808812}.Release|Any CPU.ActiveCfg = Release|Win32
		{87C90F32-8AB6-4621-BAC1-E4A5FA808812}.Release|x64.ActiveCfg = Release|x64
		{87C90F32-8AB6-4621-BAC1-E4A5FA808812}.Release|x64.Build.0 = Release|x64
		{87C90F32-8AB6-4621-BAC1-E4A5FA808812}.Release|x86.ActiveCfg = Release|Win32
		{87C90F32-8AB6-4621-BAC1-E4A5FA808812}.Release|x86.Build.0 = Release|Win32
		{BB7535DB-BD74-41CD-BB5C-E55554CAC6BA}.Debug|Any CPU.ActiveCfg = Debug|Win32
		{BB7535DB-BD74-41CD-BB5C-E55554CAC6BA}.Debug|x64.ActiveCfg = Debug|x64
		{BB7535DB-BD74-41CD-BB5C-E55554CAC6BA}.Debug|x64.Build.0 = Debug|x64
		{BB7535DB-BD74-41CD-BB5C-E55554CAC6BA}.Debug|x86.ActiveCfg = Debug|Win32
		{BB7535DB-BD74-41CD-BB5C-E55554CAC6BA}.Debug|x86.Build.0 = Debug|Win32
		{BB7535DB-BD74-41CD-BB5C-E55554CAC6BA}.Release|Any CPU.ActiveCfg = Release|Win32
		{BB7535DB-BD74-41CD-BB5C-E55554CAC6BA}.Release|x64.ActiveCfg = Release|x64
		{BB7535DB-BD74-41CD-BB5C-E55554CAC6BA}.Release|x64.Build.0 = Release|x64
		{BB7535DB-BD74-41CD-BB5C-E55554CAC6BA}.Release|x86.ActiveCfg = Release|Win32
		{BB7535DB-BD74-41CD-BB5C-E55554CAC6BA}.Release|x86.Build.0 = Release|Win32
		{04831228-FCE7-403D-AD0C-546858C9DCC4}.Debug|Any CPU.ActiveCfg = Debug|Win32
		{04831228-FCE7-403D-AD0C-546858C9DCC4}.Debug|x64.ActiveCfg = Debug|x64
		{04831228-FCE7-403D-AD0C-546858C9DCC4}.Debug|x64.Build.0 = Debug|x64
		{04831228-FCE7-403D-AD0C-546858C9DCC4}.Debug|x86.ActiveCfg = Debug|Win32
		{04831228-FCE7-403D-AD0C-546858C9DCC4}.Debug|x86.Build.0 = Debug|Win32
		{04831228-FCE7-403D-AD0C-546858C9DCC4}.Release|Any CPU.ActiveCfg = Release|Win32
		{04831228-FCE7-403D-AD0C-546858C9DCC4}.Release|x64.ActiveCfg = Release|x64
		{04831228-FCE7-403D-AD0C-546858C9DCC4}.Release|x64.Build.0 = Release|x64
		{04831228-FCE7-403D-AD0C-546858C9DCC4}.Release|x86.ActiveCfg = Release|Win32
		{04831228-FCE7-403D-AD0C-546858C9DCC4}.Release|x86.Build.0 = Release|Win32
		{BD025B61-F6F0-41C7-9E87-0CB948FDCA7D}.Debug|Any CPU.ActiveCfg = Debug|Win32
		{BD025B61-F6F0-41C7-9E87-0CB948FDCA7D}.Debug|x64.ActiveCfg = Debug|x64
		{BD025B61-F6F0-41C7-9E87-0CB948FDCA7D}.Debug|x64.Build.0 = Debug|x64
		{BD025B61-F6F0-41C7-9E87-0CB948FDCA7D}.Debug|x86.ActiveCfg = Debug|Win32
		{BD025B61-F6F0-41C7-9E87-0CB948FDCA7D}.Debug|x86.Build.0 = Debug|Win32
		{BD025B61-F6F0-41C7-9E87-0CB948FDCA7D}.Release|Any CPU.ActiveCfg = Release|Win32
		{BD025B61-F6F0-41C7-9E87-0CB948FDCA7D}.Release|x64.ActiveCfg = Release|x64
		{BD025B61-F6F0-41C7-9E87-0CB948FDCA7D}.Release|x64.Build.0 = Release|x64
		{BD025B61-F6F0-41C7-9E87-0CB948FDCA7D}.Release|x86.ActiveCfg = Release|Win32
		{BD025B61-F6F0-41C7-9E87-0CB948FDCA7D}.Release|x86.Build.0 = Release|Win32
		{D2E1729D-C9AE-4434-BBF5-3FC595D3F9D1}.Debug|Any CPU.ActiveCfg = Debug|Win32
		{D2E1729D-C9AE-4434-BBF5-3FC595D3F9D1}.Debug|x64.ActiveCfg = Debug|x64
		{D2E1729D-C9AE-4434-BBF5-3FC595D3F9D1}.Debug|x64.Build.0 = Debug|x64
		{D2E1729D-C9AE-4434-BBF5-3FC595D3F9D1}.Debug|x86.ActiveCfg = Debug|Win32
		{D2E1729D-C9AE-4434-BBF5-3FC595D3F9D1}.Debug|x86.Build.0 = Debug|Win32
		{D2E1729D-C9AE-4434-BBF5-3FC595D3F9D1}.Release|Any CPU.ActiveCfg = Release|Win32
		{D2E1729D-C9AE-4434-BBF5-3FC595D3F9D1}.Release|x64.ActiveCfg = Release|x64
		{D2E1729D-C9AE-4434-BBF5-3FC595D3F9D1}.Release|x64.Build.0 = Release|x64
		{D2E1729D-C9AE-4434-BBF5-3FC595D3F9D1}.Release|x86.ActiveCfg = Release|Win32
		{D2E1729D-C9AE-4434-BBF5-3FC595D3F9D1}.Release|x86.Build.0 = Release|Win32
		{762AA18C-E7AE-40E5-96AF-250AA8DA4BB0}.Debug|Any CPU.ActiveCfg = Debug|Win32
		{762AA18C-E7AE-40E5-96AF-250AA8DA4BB0}.Debug|x64.ActiveCfg = Debug|x64
		{762AA18C-E7AE-40E5-96AF-250AA8DA4BB0}.Debug|x64.Build.0 = Debug|x64
		{762AA18C-E7AE-40E5-96AF-250AA8DA4BB0}.Debug|x86.ActiveCfg = Debug|Win32
		{762AA18C-E7AE-40E5-96AF-250AA8DA4BB0}.Debug|x86.Build.0 = Debug|Win32
		{762AA18C-E7AE-40E5-96AF-250AA8DA4BB0}.Release|Any CPU.ActiveCfg = Release|Win32
		{762AA18C-E7AE-40E5-96AF-250AA8DA4BB0}.Release|x64.ActiveCfg = Release|x64
		{762AA18C-E7AE-40E5-96AF-250AA8DA4BB0}.Release|x64.Build.0 = Release|x64
		{762AA18C-E7AE-40E5-96AF-250AA8DA4BB0}.Release|x86.ActiveCfg = Release|Win32
		{762AA18C-E7AE-40E5-96AF-250AA8DA4BB0}.Release|x86.Build.0 = Release|Win32
		{3A17D7C7-F987-43AC-9FC3-B414789D0B0B}.Debug|Any CPU.ActiveCfg = Debug|Win32
		{3A17D7C7-F987-43AC-9FC3-B414789D0B0B}.Debug|x64.ActiveCfg = Debug|x64
		{3A17D7C7-F987-43AC-9FC3-B414789D0B0B}.Debug|x64.Build.0 = Debug|x64
		{3A17D7C7-F987-43AC-9FC3-B414789D0B0B}.Debug|x86.ActiveCfg = Debug|Win32
		{3A17D7C7-F987-43AC-9FC3-B414789D0B0B}.Debug|x86.Build.0 = Debug|Win32
		{3A17D7C7-F987-43AC-9FC3-B414789D0B0B}.Release|Any CPU.ActiveCfg = Release|Win32
		{3A17D7C7-F987-43AC-9FC3-B414789D0B0B}.Release|x64.ActiveCfg = Release|x64
		{3A17D7C7-F987-43AC-9FC3-B414789D0B0B}.Release|x64.Build.0 = Release|x64
		{3A17D7C7-F987-43AC-9FC3-B414789D0B0B}.Release|x86.ActiveCfg = Release|Win32
		{3A17D7C7-F987-43AC-9FC3-B414789D0B0B}.Release|x86.Build.0 = Release|Win32
		{00C65561-8A8B-4DB1-9D2F-570B4847F4A5}.Debug|Any CPU.ActiveCfg = Debug|Win32
		{00C65561-8A8B-4DB1-9D2F-570B4847F4A5}.Debug|x64.ActiveCfg = Debug|x64
		{00C65561-8A8B-4DB1-9D2F-570B4847F4A5}.Debug|x64.Build.0 = Debug|x64
		{00C65561-8A8B-4DB1-9D2F-570B4847F4A5}.Debug|x86.ActiveCfg = Debug|Win32
		{00C65561-8A8B-4DB1-9D2F-570B4847F4A5}.Debug|x86.Build.0 = Debug|Win32
		{00C65561-8A8B-4DB1-9D2F-570B4847F4A5}.Release|Any CPU.ActiveCfg = Release|Win32
		{00C65561-8A8B-4DB1-9D2F-570B4847F4A5}.Release|x64.ActiveCfg = Release|x64
		{00C65561-8A8B-4DB1-9D2F-570B4847F4A5}.Release|x64.Build.0 = Release|x64
		{00C65561-8A8B-4DB1-9D2F-570B4847F4A5}.Release|x86.ActiveCfg = Release|Win32
		{00C65561-8A8B-4DB1-9D2F-570B4847F4A5}.Release|x86.Build.0 = Release|Win32
		{F37B0AA6-9360-46DE-BC94-2A548CBD9509}.Debug|Any CPU.ActiveCfg = Debug|Win32
		{F37B0AA6-9360-46DE-BC94-2A548CBD9509}.Debug|x64.ActiveCfg = Debug|x64
		{F37B0AA6-9360-46DE-BC94-2A548CBD9509}.Debug|x64.Build.0 = Debug|x64
		{F37B0AA6-9360-46DE-BC94-2A548CBD9509}.Debug|x86.ActiveCfg = Debug|Win32
		{F37B0AA6-9360-46DE-BC94-2A548CBD9509}.Debug|x86.Build.0 = Debug|Win32
		{F37B0AA6-9360-46DE-BC94-2A548CBD9509}.Release|Any CPU.ActiveCfg = Release|Win32
		{F37B0AA6-9360-46DE-BC94-2A548CBD9509}.Release|x64.ActiveCfg = Release|x64
		{F37B0AA6-9360-46DE-BC94-2A548CBD9509}.Release|x64.Build.0 = Release|x64
		{F37B0AA6-9360-46DE-BC94-2A548CBD9509}.Release|x86.ActiveCfg = Release|Win32
		{F37B0AA6-9360-46DE-BC94-2A548CBD9509}.Release|x86.Build.0 = Release|Win32
		{1BDFCB4F-6ED3-45C1-AEE7-D3734A578DFA}.Debug|Any CPU.ActiveCfg = Debug|Win32
		{1BDFCB4F-6ED3-45C1-AEE7-D3734A578DFA}.Debug|x64.ActiveCfg = Debug|x64
		{1BDFCB4F-6ED3-45C1-AEE7-D3734A578DFA}.Debug|x64.Build.0 = Debug|x64
		{1BDFCB4F-6ED3-45C1-AEE7-D3734A578DFA}.Debug|x86.ActiveCfg = Debug|Win32
		{1BDFCB4F-6ED3-45C1-AEE7-D3734A578DFA}.Debug|x86.Build.0 = Debug|Win32
		{1BDFCB4F-6ED3-45C1-AEE7-D3734A578DFA}.Release|Any CPU.ActiveCfg = Release|Win32
		{1BDFCB4F-6ED3-45C1-AEE7-D3734A578DFA}.Release|x64.ActiveCfg = Release|x64
		{1BDFCB4F-6ED3-45C1-AEE7-D3734A578DFA}.Release|x64.Build.0 = Release|x64
		{1BDFCB4F-6ED3-45C1-AEE7-D3734A578DFA}.Release|x86.ActiveCfg = Release|Win32
		{1BDFCB4F-6ED3-45C1-AEE7-D3734A578DFA}.Release|x86.Build.0 = Release|Win32
		{8E06C03F-7CC5-4064-BBAE-EFF3938B1672}.Debug|Any CPU.ActiveCfg = Debug|Win32
		{8E06C03F-7CC5-4064-BBAE-EFF3938B1672}.Debug|x64.ActiveCfg = Debug|x64
		{8E06C03F-7CC5-4064-BBAE-EFF3938B1672}.Debug|x64.Build.0 = Debug|x64
		{8E06C03F-7CC5-4064-BBAE-EFF3938B1672}.Debug|x86.ActiveCfg = Debug|Win32
		{8E06C03F-7CC5-4064-BBAE-EFF3938B1672}.Debug|x86.Build.0 = Debug|Win32
		{8E06C03F-7CC5-4064-BBAE-EFF3938B1672}.Release|Any CPU.ActiveCfg = Release|Win32
		{8E06C03F-7CC5-4064-BBAE-EFF3938B1672}.Release|x64.ActiveCfg = Release|x64
		{8E06C03F-7CC5-4064-BBAE-EFF3938B1672}.Release|x64.Build.0 = Release|x64
		{8E06C03F-7CC5-4064-BBAE-EFF3938B1672}.Release|x86.ActiveCfg = Release|Win32
		{8E06C03F-7CC5-4064-BBAE-EFF3938B1672}.Release|x86.Build.0 = Release|Win32
		{2AF27F03-EDB7-45BC-B6AE-38C57AF83B8C}.Debug|Any CPU.ActiveCfg = Debug|Win32
		{2AF27F03-EDB7-45BC-B6AE-38C57AF83B8C}.Debug|x64.ActiveCfg = Debug|x64
		{2AF27F03-EDB7-45BC-B6AE-38C57AF83B8C}.Debug|x64.Build.0 = Debug|x64
		{2AF27F03-EDB7-45BC-B6AE-38C57AF83B8C}.Debug|x86.ActiveCfg = Debug|Win32
		{2AF27F03-EDB7-45BC-B6AE-38C57AF83B8C}.Debug|x86.Build.0 = Debug|Win32
		{2AF27F03-EDB7-45BC-B6AE-38C57AF83B8C}.Release|Any CPU.ActiveCfg = Release|Win32
		{2AF27F03-EDB7-45BC-B6AE-38C57AF83B8C}.Release|x64.ActiveCfg = Release|x64
		{2AF27F03-EDB7-45BC-B6AE-38C57AF83B8C}.Release|x64.Build.0 = Release|x64
		{2AF27F03-EDB7-45BC-B6AE-38C57AF83B8C}.Release|x86.ActiveCfg = Release|Win32
		{2AF27F03-EDB7-45BC-B6AE-38C57AF83B8C}.Release|x86.Build.0 = Release|Win32
		{DFACDC46-CDC7-4373-87BB-ECFCE2493542}.Debug|Any CPU.ActiveCfg = Debug|Win32
		{DFACDC46-CDC7-4373-87BB-ECFCE2493542}.Debug|x64.ActiveCfg = Debug|x64
		{DFACDC46-CDC7-4373-87BB-ECFCE2493542}.Debug|x64.Build.0 = Debug|x64
		{DFACDC46-CDC7-4373-87BB-ECFCE2493542}.Debug|x86.ActiveCfg = Debug|Win32
		{DFACDC46-CDC7-4373-87BB-ECFCE2493542}.Debug|x86.Build.0 = Debug|Win32
		{DFACDC46-CDC7-4373-87BB-ECFCE2493542}.Release|Any CPU.ActiveCfg = Release|Win32
		{DFACDC46-CDC7-4373-87BB-ECFCE2493542}.Release|x64.ActiveCfg = Release|x64
		{DFACDC46-CDC7-4373-87BB-ECFCE2493542}.Release|x64.Build.0 = Release|x64
		{DFACDC46-CDC7-4373-87BB-ECFCE2493542}.Release|x86.ActiveCfg = Release|Win32
		{DFACDC46-CDC7-4373-87BB-ECFCE2493542}.Release|x86.Build.0 = Release|Win32
		{3A3C3AC4-4EF0-403D-A92C-5DF7761E63C7}.Debug|Any CPU.ActiveCfg = Debug|Win32
		{3A3C3AC4-4EF0-403D-A92C-5DF7761E63C7}.Debug|x64.ActiveCfg = Debug|x64
		{3A3C3AC4-4EF0-403D-A92C-5DF7761E63C7}.Debug|x64.Build.0 = Debug|x64
		{3A3C3AC4-4EF0-403D-A92C-5DF7761E63C7}.Debug|x86.ActiveCfg = Debug|Win32
		{3A3C3AC4-4EF0-403D-A92C-5DF7761E63C7}.Debug|x86.Build.0 = Debug|Win32
		{3A3C3AC4-4EF0-403D-A92C-5DF7761E63C7}.Release|Any CPU.ActiveCfg = Release|Win32
		{3A3C3AC4-4EF0-403D-A92C-5DF7761E63C7}.Release|x64.ActiveCfg = Release|x64
		{3A3C3AC4-4EF0-403D-A92C-5DF7761E63C7}.Release|x64.Build.0 = Release|x64
		{3A3C3AC4-4EF0-403D-A92C-5DF7761E63C7}.Release|x86.ActiveCfg = Release|Win32
		{3A3C3AC4-4EF0-403D-A92C-5DF7761E63C7}.Release|x86.Build.0 = Release|Win32
		{D0B0D393-379D-46EA-A862-33239A544FE0}.Debug|Any CPU.ActiveCfg = Debug|Win32
		{D0B0D393-379D-46EA-A862-33239A544FE0}.Debug|x64.ActiveCfg = Debug|x64
		{D0B0D393-379D-46EA-A862-33239A544FE0}.Debug|x64.Build.0 = Debug|x64
		{D0B0D393-379D-46EA-A862-33239A544FE0}.Debug|x86.ActiveCfg = Debug|Win32
		{D0B0D393-379D-46EA-A862-33239A544FE0}.Debug|x86.Build.0 = Debug|Win32
		{D0B0D393-379D-46EA-A862-33239A544FE0}.Release|Any CPU.ActiveCfg = Release|Win32
		{D0B0D393-379D-46EA-A862-33239A544FE0}.Release|x64.ActiveCfg = Release|x64
		{D0B0D393-379D-46EA-A862-33239A544FE0}.Release|x64.Build.0 = Release|x64
		{D0B0D393-379D-46EA-A862-33239A544FE0}.Release|x86.ActiveCfg = Release|Win32
		{D0B0D393-379D-46EA-A862-33239A544FE0}.Release|x86.Build.0 = Release|Win32
		{80E111B4-D01A-4AEE-A22B-31A16E0D4782}.Debug|Any CPU.ActiveCfg = Debug|Win32
		{80E111B4-D01A-4AEE-A22B-31A16E0D4782}.Debug|x64.ActiveCfg = Debug|x64
		{80E111B4-D01A-4AEE-A22B-31A16E0D4782}.Debug|x64.Build.0 = Debug|x64
		{80E111B4-D01A-4AEE-A22B-31A16E0D4782}.Debug|x86.ActiveCfg = Debug|Win32
		{80E111B4-D01A-4AEE-A22B-31A16E0D4782}.Debug|x86.Build.0 = Debug|Win32
		{80E111B4-D01A-4AEE-A22B-31A16E0D4782}.Release|Any CPU.ActiveCfg = Release|Win32
		{80E111B4-D01A-4AEE-A22B-31A16E0D4782}.Release|x64.ActiveCfg = Release|x64
		{80E111B4-D01A-4AEE-A22B-31A16E0D4782}.Release|x64.Build.0 = Release|x64
		{80E111B4-D01A-4AEE-A22B-31A16E0D4782}.Release|x86.ActiveCfg = Release|Win32
		{80E111B4-D01A-4AEE-A22B-31A16E0D4782}.Release|x86.Build.0 = Release|Win32
		{279C5531-CDA9-4666-B1DD-436B1972477F}.Debug|Any CPU.ActiveCfg = Debug|Win32
		{279C5531-CDA9-4666-B1DD-436B1972477F}.Debug|x64.ActiveCfg = Debug|x64
		{279C5531-CDA9-4666-B1DD-436B1972477F}.Debug|x64.Build.0 = Debug|x64
		{279C5531-CDA9-4666-B1DD-436B1972477F}.Debug|x86.ActiveCfg = Debug|Win32
		{279C5531-CDA9-4666-B1DD-436B1972477F}.Debug|x86.Build.0 = Debug|Win32
		{279C5531-CDA9-4666-B1DD-436B1972477F}.Release|Any CPU.ActiveCfg = Release|Win32
		{279C5531-CDA9-4666-B1DD-436B1972477F}.Release|x64.ActiveCfg = Release|x64
		{279C5531-CDA9-4666-B1DD-436B1972477F}.Release|x64.Build.0 = Release|x64
		{279C5531-CDA9-4666-B1DD-436B1972477F}.Release|x86.ActiveCfg = Release|Win32
		{279C5531-CDA9-4666-B1DD-436B1972477F}.Release|x86.Build.0 = Release|Win32
		{25CB2E74-15F6-4799-A0D4-FB54B7EC973B}.Debug|Any CPU.ActiveCfg = Debug|Win32
		{25CB2E74-15F6-4799-A0D4-FB54B7EC973B}.Debug|x64.ActiveCfg = Debug|x64
		{25CB2E74-15F6-4799-A0D4-FB54B7EC973B}.Debug|x64.Build.0 = Debug|x64
		{25CB2E74-15F6-4799-A0D4-FB54B7EC973B}.Debug|x86.ActiveCfg = Debug|Win32
		{25CB2E74-15F6-4799-A0D4-FB54B7EC973B}.Debug|x86.Build.0 = Debug|Win32
		{25CB2E74-15F6-4799-A0D4-FB54B7EC973B}.Release|Any CPU.ActiveCfg = Release|Win32
		{25CB2E74-15F6-4799-A0D4-FB54B7EC973B}.Release|x64.ActiveCfg = Release|x64
		{25CB2E74-15F6-4799-A0D4-FB54B7EC973B}.Release|x64.Build.0 = Release|x64
		{25CB2E74-15F6-4799-A0D4-FB54B7EC973B}.Release|x86.ActiveCfg = Release|Win32
		{25CB2E74-15F6-4799-A0D4-FB54B7EC973B}.Release|x86.Build.0 = Release|Win32
		{23EA74AD-C5FE-4F0F-9163-31CC03041943}.Debug|Any CPU.ActiveCfg = Debug|Win32
		{23EA74AD-C5FE-4F0F-9163-31CC03041943}.Debug|x64.ActiveCfg = Debug|x64
		{23EA74AD-C5FE-4F0F-9163-31CC03041943}.Debug|x64.Build.0 = Debug|x64
		{23EA74AD-C5FE-4F0F-9163-31CC03041943}.Debug|x86.ActiveCfg = Debug|Win32
		{23EA74AD-C5FE-4F0F-9163-31CC03041943}.Debug|x86.Build.0 = Debug|Win32
		{23EA74AD-C5FE-4F0F-9163-31CC03041943}.Release|Any CPU.ActiveCfg = Release|Win32
		{23EA74AD-C5FE-4F0F-9163-31CC03041943}.Release|x64.ActiveCfg = Release|x64
		{23EA74AD-C5FE-4F0F-9163-31CC03041943}.Release|x64.Build.0 = Release|x64
		{23EA74AD-C5FE-4F0F-9163-31CC03041943}.Release|x86.ActiveCfg = Release|Win32
		{23EA74AD-C5FE-4F0F-9163-31CC03041943}.Release|x86.Build.0 = Release|Win32
		{53B349EC-A8D6-4D33-85FA-5A3FD7AD1839}.Debug|Any CPU.ActiveCfg = Debug|Win32
		{53B349EC-A8D6-4D33-85FA-5A3FD7AD1839}.Debug|x64.ActiveCfg = Debug|x64
		{53B349EC-A8D6-4D33-85FA-5A3FD7AD1839}.Debug|x64.Build.0 = Debug|x64
		{53B349EC-A8D6-4D33-85FA-5A3FD7AD1839}.Debug|x86.ActiveCfg = Debug|Win32
		{53B349EC-A8D6-4D33-85FA-5A3FD7AD1839}.Debug|x86.Build.0 = Debug|Win32
		{53B349EC-A8D6-4D33-85FA-5A3FD7AD1839}.Release|Any CPU.ActiveCfg = Release|Win32
		{53B349EC-A8D6-4D33-85FA-5A3FD7AD1839}.Release|x64.ActiveCfg = Release|x64
		{53B349EC-A8D6-4D33-85FA-5A3FD7AD1839}.Release|x64.Build.0 = Release|x64
		{53B349EC-A8D6-4D33-85FA-5A3FD7AD1839}.Release|x86.ActiveCfg = Release|Win32
		{53B349EC-A8D6-4D33-85FA-5A3FD7AD1839}.Release|x86.Build.0 = Release|Win32
		{1470B86A-D40B-48D2-850C-AC97BF7A3EBF}.Debug|Any CPU.ActiveCfg = Debug|Win32
		{1470B86A-D40B-48D2-850C-AC97BF7A3EBF}.Debug|x64.ActiveCfg = Debug|x64
		{1470B86A-D40B-48D2-850C-AC97BF7A3EBF}.Debug|x64.Build.0 = Debug|x64
		{1470B86A-D40B-48D2-850C-AC97BF7A3EBF}.Debug|x86.ActiveCfg = Debug|Win32
		{1470B86A-D40B-48D2-850C-AC97BF7A3EBF}.Debug|x86.Build.0 = Debug|Win32
		{1470B86A-D40B-48D2-850C-AC97BF7A3EBF}.Release|Any CPU.ActiveCfg = Release|Win32
		{1470B86A-D40B-48D2-850C-AC97BF7A3EBF}.Release|x64.ActiveCfg = Release|x64
		{1470B86A-D40B-48D2-850C-AC97BF7A3EBF}.Release|x64.Build.0 = Release|x64
		{1470B86A-D40B-48D2-850C-AC97BF7A3EBF}.Release|x86.ActiveCfg = Release|Win32
		{1470B86A-D40B-48D2-850C-AC97BF7A3EBF}.Release|x86.Build.0 = Release|Win32
		{21F86BF8-23F6-4E09-B636-23E256494CFA}.Debug|Any CPU.ActiveCfg = Debug|Win32
		{21F86BF8-23F6-4E09-B636-23E256494CFA}.Debug|x64.ActiveCfg = Debug|x64
		{21F86BF8-23F6-4E09-B636-23E256494CFA}.Debug|x64.Build.0 = Debug|x64
		{21F86BF8-23F6-4E09-B636-23E256494CFA}.Debug|x86.ActiveCfg = Debug|Win32
		{21F86BF8-23F6-4E09-B636-23E256494CFA}.Debug|x86.Build.0 = Debug|Win32
		{21F86BF8-23F6-4E09-B636-23E256494CFA}.Release|Any CPU.ActiveCfg = Release|Win32
		{21F86BF8-23F6-4E09-B636-23E256494CFA}.Release|x64.ActiveCfg = Release|x64
		{21F86BF8-23F6-4E09-B636-23E256494CFA}.Release|x64.Build.0 = Release|x64
		{21F86BF8-23F6-4E09-B636-23E256494CFA}.Release|x86.ActiveCfg = Release|Win32
		{21F86BF8-23F6-4E09-B636-23E256494CFA}.Release|x86.Build.0 = Release|Win32
		{D0164F72-B387-465C-92A2-6D79E75CA600}.Debug|Any CPU.ActiveCfg = Debug|Win32
		{D0164F72-B387-465C-92A2-6D79E75CA600}.Debug|x64.ActiveCfg = Debug|x64
		{D0164F72-B387-465C-92A2-6D79E75CA600}.Debug|x64.Build.0 = Debug|x64
		{D0164F72-B387-465C-92A2-6D79E75CA600}.Debug|x86.ActiveCfg = Debug|Win32
		{D0164F72-B387-465C-92A2-6D79E75CA600}.Debug|x86.Build.0 = Debug|Win32
		{D0164F72-B387-465C-92A2-6D79E75CA600}.Release|Any CPU.ActiveCfg = Release|Win32
		{D0164F72-B387-465C-92A2-6D79E75CA600}.Release|x64.ActiveCfg = Release|x64
		{D0164F72-B387-465C-92A2-6D79E75CA600}.Release|x64.Build.0 = Release|x64
		{D0164F72-B387-465C-92A2-6D79E75CA600}.Release|x86.ActiveCfg = Release|Win32
		{D0164F72-B387-465C-92A2-6D79E75CA600}.Release|x86.Build.0 = Release|Win32
		{ED6F7C50-4225-48F4-8547-F47B102A13D1}.Debug|Any CPU.ActiveCfg = Debug|Win32
		{ED6F7C50-4225-48F4-8547-F47B102A13D1}.Debug|x64.ActiveCfg = Debug|x64
		{ED6F7C50-4225-48F4-8547-F47B102A13D1}.Debug|x64.Build.0 = Debug|x64
		{ED6F7C50-4225-48F4-8547-F47B102A13D1}.Debug|x86.ActiveCfg = Debug|Win32
		{ED6F7C50-4225-48F4-8547-F47B102A13D1}.Debug|x86.Build.0 = Debug|Win32
		{ED6F7C50-4225-48F4-8547-F47B102A13D1}.Release|Any CPU.ActiveCfg = Release|Win32
		{ED6F7C50-4225-48F4-8547-F47B102A13D1}.Release|x64.ActiveCfg = Release|x64
		{ED6F7C50-4225-48F4-8547-F47B102A13D1}.Release|x64.Build.0 = Release|x64
		{ED6F7C50-4225-48F4-8547-F47B102A13D1}.Release|x86.ActiveCfg = Release|Win32
		{ED6F7C50-4225-48F4-8547-F47B102A13D1}.Release|x86.Build.0 = Release|Win32
		{2249E1B7-A1D4-4E60-9A91-19F31B3F6487}.Debug|Any CPU.ActiveCfg = Debug|Win32
		{2249E1B7-A1D4-4E60-9A91-19F31B3F6487}.Debug|x64.ActiveCfg = Debug|x64
		{2249E1B7-A1D4-4E60-9A91-19F31B3F6487}.Debug|x64.Build.0 = Debug|x64
		{2249E1B7-A1D4-4E60-9A91-19F31B3F6487}.Debug|x86.ActiveCfg = Debug|Win32
		{2249E1B7-A1D4-4E60-9A91-19F31B3F6487}.Debug|x86.Build.0 = Debug|Win32
		{2249E1B7-A1D4-4E60-9A91-19F31B3F6487}.Release|Any CPU.ActiveCfg = Release|Win32
		{2249E1B7-A1D4-4E60-9A91-19F31B3F6487}.Release|x64.ActiveCfg = Release|x64
		{2249E1B7-A1D4-4E60-9A91-19F31B3F6487}.Release|x64.Build.0 = Release|x64
		{2249E1B7-A1D4-4E60-9A91-19F31B3F6487}.Release|x86.ActiveCfg = Release|Win32
		{2249E1B7-A1D4-4E60-9A91-19F31B3F6487}.Release|x86.Build.0 = Release|Win32
		{E1D22EB3-B34B-4521-9800-772698E87B8F}.Debug|Any CPU.ActiveCfg = Debug|Win32
		{E1D22EB3-B34B-4521-9800-772698E87B8F}.Debug|x64.ActiveCfg = Debug|x64
		{E1D22EB3-B34B-4521-9800-772698E87B8F}.Debug|x64.Build.0 = Debug|x64
		{E1D22EB3-B34B-4521-9800-772698E87B8F}.Debug|x86.ActiveCfg = Debug|Win32
		{E1D22EB3-B34B-4521-9800-772698E87B8F}.Debug|x86.Build.0 = Debug|Win32
		{E1D22EB3-B34B-4521-9800-772698E87B8F}.Release|Any CPU.ActiveCfg = Release|Win32
		{E1D22EB3-B34B-4521-9800-772698E87B8F}.Release|x64.ActiveCfg = Release|x64
		{E1D22EB3-B34B-4521-9800-772698E87B8F}.Release|x64.Build.0 = Release|x64
		{E1D22EB3-B34B-4521-9800-772698E87B8F}.Release|x86.ActiveCfg = Release|Win32
		{E1D22EB3-B34B-4521-9800-772698E87B8F}.Release|x86.Build.0 = Release|Win32
		{6E32D204-61AD-4A19-BD48-FD7DF55D5FD4}.Debug|Any CPU.ActiveCfg = Debug|Win32
		{6E32D204-61AD-4A19-BD48-FD7DF55D5FD4}.Debug|x64.ActiveCfg = Debug|x64
		{6E32D204-61AD-4A19-BD48-FD7DF55D5FD4}.Debug|x64.Build.0 = Debug|x64
		{6E32D204-61AD-4A19-BD48-FD7DF55D5FD4}.Debug|x86.ActiveCfg = Debug|Win32
		{6E32D204-61AD-4A19-BD48-FD7DF55D5FD4}.Debug|x86.Build.0 = Debug|Win32
		{6E32D204-61AD-4A19-BD48-FD7DF55D5FD4}.Release|Any CPU.ActiveCfg = Release|Win32
		{6E32D204-61AD-4A19-BD48-FD7DF55D5FD4}.Release|x64.ActiveCfg = Release|x64
		{6E32D204-61AD-4A19-BD48-FD7DF55D5FD4}.Release|x64.Build.0 = Release|x64
		{6E32D204-61AD-4A19-BD48-FD7DF55D5FD4}.Release|x86.ActiveCfg = Release|Win32
		{6E32D204-61AD-4A19-BD48-FD7DF55D5FD4}.Release|x86.Build.0 = Release|Win32
		{B820DF1C-337A-4433-B276-3CC6FAC4373E}.Debug|Any CPU.ActiveCfg = Debug|Win32
		{B820DF1C-337A-4433-B276-3CC6FAC4373E}.Debug|x64.ActiveCfg = Debug|x64
		{B820DF1C-337A-4433-B276-3CC6FAC4373E}.Debug|x64.Build.0 = Debug|x64
		{B820DF1C-337A-4433-B276-3CC6FAC4373E}.Debug|x86.ActiveCfg = Debug|Win32
		{B820DF1C-337A-4433-B276-3CC6FAC4373E}.Debug|x86.Build.0 = Debug|Win32
		{B820DF1C-337A-4433-B276-3CC6FAC4373E}.Release|Any CPU.ActiveCfg = Release|Win32
		{B820DF1C-337A-4433-B276-3CC6FAC4373E}.Release|x64.ActiveCfg = Release|x64
		{B820DF1C-337A-4433-B276-3CC6FAC4373E}.Release|x64.Build.0 = Release|x64
		{B820DF1C-337A-4433-B276-3CC6FAC4373E}.Release|x86.ActiveCfg = Release|Win32
		{B820DF1C-337A-4433-B276-3CC6FAC4373E}.Release|x86.Build.0 = Release|Win32
		{B9DA0315-934F-4522-9A84-F4DADB73B1CF}.Debug|Any CPU.ActiveCfg = Debug|Win32
		{B9DA0315-934F-4522-9A84-F4DADB73B1CF}.Debug|x64.ActiveCfg = Debug|x64
		{B9DA0315-934F-4522-9A84-F4DADB73B1CF}.Debug|x64.Build.0 = Debug|x64
		{B9DA0315-934F-4522-9A84-F4DADB73B1CF}.Debug|x86.ActiveCfg = Debug|Win32
		{B9DA0315-934F-4522-9A84-F4DADB73B1CF}.Debug|x86.Build.0 = Debug|Win32
		{B9DA0315-934F-4522-9A84-F4DADB73B1CF}.Release|Any CPU.ActiveCfg = Release|Win32
		{B9DA0315-934F-4522-9A84-F4DADB73B1CF}.Release|x64.ActiveCfg = Release|x64
		{B9DA0315-934F-4522-9A84-F4DADB73B1CF}.Release|x64.Build.0 = Release|x64
		{B9DA0315-934F-4522-9A84-F4DADB73B1CF}.Release|x86.ActiveCfg = Release|Win32
		{B9DA0315-934F-4522-9A84-F4DADB73B1CF}.Release|x86.Build.0 = Release|Win32
		{0630FE0C-BC76-442B-BE9C-BB1308AE3673}.Debug|Any CPU.ActiveCfg = Debug|Win32
		{0630FE0C-BC76-442B-BE9C-BB1308AE3673}.Debug|x64.ActiveCfg = Debug|x64
		{0630FE0C-BC76-442B-BE9C-BB1308AE3673}.Debug|x64.Build.0 = Debug|x64
		{0630FE0C-BC76-442B-BE9C-BB1308AE3673}.Debug|x86.ActiveCfg = Debug|Win32
		{0630FE0C-BC76-442B-BE9C-BB1308AE3673}.Debug|x86.Build.0 = Debug|Win32
		{0630FE0C-BC76-442B-BE9C-BB1308AE3673}.Release|Any CPU.ActiveCfg = Release|Win32
		{0630FE0C-BC76-442B-BE9C-BB1308AE3673}.Release|x64.ActiveCfg = Release|x64
		{0630FE0C-BC76-442B-BE9C-BB1308AE3673}.Release|x64.Build.0 = Release|x64
		{0630FE0C-BC76-442B-BE9C-BB1308AE3673}.Release|x86.ActiveCfg = Release|Win32
		{0630FE0C-BC76-442B-BE9C-BB1308AE3673}.Release|x86.Build.0 = Release|Win32
		{D8AB27B6-024F-474F-8EF3-0150D05FA44C}.Debug|Any CPU.ActiveCfg = Debug|Win32
		{D8AB27B6-024F-474F-8EF3-0150D05FA44C}.Debug|x64.ActiveCfg = Debug|x64
		{D8AB27B6-024F-474F-8EF3-0150D05FA44C}.Debug|x64.Build.0 = Debug|x64
		{D8AB27B6-024F-474F-8EF3-0150D05FA44C}.Debug|x86.ActiveCfg = Debug|Win32
		{D8AB27B6-024F-474F-8EF3-0150D05FA44C}.Debug|x86.Build.0 = Debug|Win32
		{D8AB27B6-024F-474F-8EF3-0150D05FA44C}.Release|Any CPU.ActiveCfg = Release|Win32
		{D8AB27B6-024F-474F-8EF3-0150D05FA44C}.Release|x64.ActiveCfg = Release|x64
		{D8AB27B6-024F-474F-8EF3-0150D05FA44C}.Release|x64.Build.0 = Release|x64
		{D8AB27B6-024F-474F-8EF3-0150D05FA44C}.Release|x86.ActiveCfg = Release|Win32
		{D8AB27B6-024F-474F-8EF3-0150D05FA44C}.Release|x86.Build.0 = Release|Win32
		{1D3BB355-89AB-4247-BB77-515026CC2C3B}.Debug|Any CPU.ActiveCfg = Debug|Win32
		{1D3BB355-89AB-4247-BB77-515026CC2C3B}.Debug|x64.ActiveCfg = Debug|x64
		{1D3BB355-89AB-4247-BB77-515026CC2C3B}.Debug|x64.Build.0 = Debug|x64
		{1D3BB355-89AB-4247-BB77-515026CC2C3B}.Debug|x86.ActiveCfg = Debug|Win32
		{1D3BB355-89AB-4247-BB77-515026CC2C3B}.Debug|x86.Build.0 = Debug|Win32
		{1D3BB355-89AB-4247-BB77-515026CC2C3B}.Release|Any CPU.ActiveCfg = Release|Win32
		{1D3BB355-89AB-4247-BB77-515026CC2C3B}.Release|x64.ActiveCfg = Release|x64
		{1D3BB355-89AB-4247-BB77-515026CC2C3B}.Release|x64.Build.0 = Release|x64
		{1D3BB355-89AB-4247-BB77-515026CC2C3B}.Release|x86.ActiveCfg = Release|Win32
		{1D3BB355-89AB-4247-BB77-515026CC2C3B}.Release|x86.Build.0 = Release|Win32
		{09998FDD-447C-49FB-85B8-05AD26D06455}.Debug|Any CPU.ActiveCfg = Debug|Win32
		{09998FDD-447C-49FB-85B8-05AD26D06455}.Debug|x64.ActiveCfg = Debug|x64
		{09998FDD-447C-49FB-85B8-05AD26D06455}.Debug|x64.Build.0 = Debug|x64
		{09998FDD-447C-49FB-85B8-05AD26D06455}.Debug|x86.ActiveCfg = Debug|Win32
		{09998FDD-447C-49FB-85B8-05AD26D06455}.Debug|x86.Build.0 = Debug|Win32
		{09998FDD-447C-49FB-85B8-05AD26D06455}.Release|Any CPU.ActiveCfg = Release|Win32
		{09998FDD-447C-49FB-85B8-05AD26D06455}.Release|x64.ActiveCfg = Release|x64
		{09998FDD-447C-49FB-85B8-05AD26D06455}.Release|x64.Build.0 = Release|x64
		{09998FDD-447C-49FB-85B8-05AD26D06455}.Release|x86.ActiveCfg = Release|Win32
		{09998FDD-447C-49FB-85B8-05AD26D06455}.Release|x86.Build.0 = Release|Win32
		{FFEF88D0-0351-48BB-9ED5-3A1A938E9630}.Debug|Any CPU.ActiveCfg = Debug|Win32
		{FFEF88D0-0351-48BB-9ED5-3A1A938E9630}.Debug|x64.ActiveCfg = Debug|x64
		{FFEF88D0-0351-48BB-9ED5-3A1A938E9630}.Debug|x64.Build.0 = Debug|x64
		{FFEF88D0-0351-48BB-9ED5-3A1A938E9630}.Debug|x86.ActiveCfg = Debug|Win32
		{FFEF88D0-0351-48BB-9ED5-3A1A938E9630}.Debug|x86.Build.0 = Debug|Win32
		{FFEF88D0-0351-48BB-9ED5-3A1A938E9630}.Release|Any CPU.ActiveCfg = Release|Win32
		{FFEF88D0-0351-48BB-9ED5-3A1A938E9630}.Release|x64.ActiveCfg = Release|x64
		{FFEF88D0-0351-48BB-9ED5-3A1A938E9630}.Release|x64.Build.0 = Release|x64
		{FFEF88D0-0351-48BB-9ED5-3A1A938E9630}.Release|x86.ActiveCfg = Release|Win32
		{FFEF88D0-0351-48BB-9ED5-3A1A938E9630}.Release|x86.Build.0 = Release|Win32
		{F488CABB-487E-4292-9D02-671004720B90}.Debug|Any CPU.ActiveCfg = Debug|Win32
		{F488CABB-487E-4292-9D02-671004720B90}.Debug|x64.ActiveCfg = Debug|x64
		{F488CABB-487E-4292-9D02-671004720B90}.Debug|x64.Build.0 = Debug|x64
		{F488CABB-487E-4292-9D02-671004720B90}.Debug|x86.ActiveCfg = Debug|Win32
		{F488CABB-487E-4292-9D02-671004720B90}.Debug|x86.Build.0 = Debug|Win32
		{F488CABB-487E-4292-9D02-671004720B90}.Release|Any CPU.ActiveCfg = Release|Win32
		{F488CABB-487E-4292-9D02-671004720B90}.Release|x64.ActiveCfg = Release|x64
		{F488CABB-487E-4292-9D02-671004720B90}.Release|x64.Build.0 = Release|x64
		{F488CABB-487E-4292-9D02-671004720B90}.Release|x86.ActiveCfg = Release|Win32
		{F488CABB-487E-4292-9D02-671004720B90}.Release|x86.Build.0 = Release|Win32
		{C9D351B7-EAD7-4841-84FF-8B24AE177E4E}.Debug|Any CPU.ActiveCfg = Debug|Win32
		{C9D351B7-EAD7-4841-84FF-8B24AE177E4E}.Debug|x64.ActiveCfg = Debug|x64
		{C9D351B7-EAD7-4841-84FF-8B24AE177E4E}.Debug|x64.Build.0 = Debug|x64
		{C9D351B7-EAD7-4841-84FF-8B24AE177E4E}.Debug|x86.ActiveCfg = Debug|Win32
		{C9D351B7-EAD7-4841-84FF-8B24AE177E4E}.Debug|x86.Build.0 = Debug|Win32
		{C9D351B7-EAD7-4841-84FF-8B24AE177E4E}.Release|Any CPU.ActiveCfg = Release|Win32
		{C9D351B7-EAD7-4841-84FF-8B24AE177E4E}.Release|x64.ActiveCfg = Release|x64
		{C9D351B7-EAD7-4841-84FF-8B24AE177E4E}.Release|x64.Build.0 = Release|x64
		{C9D351B7-EAD7-4841-84FF-8B24AE177E4E}.Release|x86.ActiveCfg = Release|Win32
		{C9D351B7-EAD7-4841-84FF-8B24AE177E4E}.Release|x86.Build.0 = Release|Win32
		{819E316C-64EB-45BD-B839-057DD2A53AEC}.Debug|Any CPU.ActiveCfg = Debug|Win32
		{819E316C-64EB-45BD-B839-057DD2A53AEC}.Debug|x64.ActiveCfg = Debug|x64
		{819E316C-64EB-45BD-B839-057DD2A53AEC}.Debug|x64.Build.0 = Debug|x64
		{819E316C-64EB-45BD-B839-057DD2A53AEC}.Debug|x86.ActiveCfg = Debug|Win32
		{819E316C-64EB-45BD-B839-057DD2A53AEC}.Debug|x86.Build.0 = Debug|Win32
		{819E316C-64EB-45BD-B839-057DD2A53AEC}.Release|Any CPU.ActiveCfg = Release|Win32
		{819E316C-64EB-45BD-B839-057DD2A53AEC}.Release|x64.ActiveCfg = Release|x64
		{819E316C-64EB-45BD-B839-057DD2A53AEC}.Release|x64.Build.0 = Release|x64
		{819E316C-64EB-45BD-B839-057DD2A53AEC}.Release|x86.ActiveCfg = Release|Win32
		{819E316C-64EB-45BD-B839-057DD2A53AEC}.Release|x86.Build.0 = Release|Win32
		{29877A3C-5906-4E3D-AFC8-47FB51D707BF}.Debug|Any CPU.ActiveCfg = Debug|Win32
		{29877A3C-5906-4E3D-AFC8-47FB51D707BF}.Debug|x64.ActiveCfg = Debug|x64
		{29877A3C-5906-4E3D-AFC8-47FB51D707BF}.Debug|x64.Build.0 = Debug|x64
		{29877A3C-5906-4E3D-AFC8-47FB51D707BF}.Debug|x86.ActiveCfg = Debug|Win32
		{29877A3C-5906-4E3D-AFC8-47FB51D707BF}.Debug|x86.Build.0 = Debug|Win32
		{29877A3C-5906-4E3D-AFC8-47FB51D707BF}.Release|Any CPU.ActiveCfg = Release|Win32
		{29877A3C-5906-4E3D-AFC8-47FB51D707BF}.Release|x64.ActiveCfg = Release|x64
		{29877A3C-5906-4E3D-AFC8-47FB51D707BF}.Release|x64.Build.0 = Release|x64
		{29877A3C-5906-4E3D-AFC8-47FB51D707BF}.Release|x86.ActiveCfg = Release|Win32
		{29877A3C-5906-4E3D-AFC8-47FB51D707BF}.Release|x86.Build.0 = Release|Win32
		{93C4146D-147F-4886-B2AC-E718B7A57D1B}.Debug|Any CPU.ActiveCfg = Debug|Win32
		{93C4146D-147F-4886-B2AC-E718B7A57D1B}.Debug|x64.ActiveCfg = Debug|x64
		{93C4146D-147F-4886-B2AC-E718B7A57D1B}.Debug|x64.Build.0 = Debug|x64
		{93C4146D-147F-4886-B2AC-E718B7A57D1B}.Debug|x86.ActiveCfg = Debug|Win32
		{93C4146D-147F-4886-B2AC-E718B7A57D1B}.Debug|x86.Build.0 = Debug|Win32
		{93C4146D-147F-4886-B2AC-E718B7A57D1B}.Release|Any CPU.ActiveCfg = Release|Win32
		{93C4146D-147F-4886-B2AC-E718B7A57D1B}.Release|x64.ActiveCfg = Release|x64
		{93C4146D-147F-4886-B2AC-E718B7A57D1B}.Release|x64.Build.0 = Release|x64
		{93C4146D-147F-4886-B2AC-E718B7A57D1B}.Release|x86.ActiveCfg = Release|Win32
		{93C4146D-147F-4886-B2AC-E718B7A57D1B}.Release|x86.Build.0 = Release|Win32
		{A55E6D85-B259-40C3-87AC-F2BB41DFF8DF}.Debug|Any CPU.ActiveCfg = Debug|Win32
		{A55E6D85-B259-40C3-87AC-F2BB41DFF8DF}.Debug|x64.ActiveCfg = Debug|x64
		{A55E6D85-B259-40C3-87AC-F2BB41DFF8DF}.Debug|x64.Build.0 = Debug|x64
		{A55E6D85-B259-40C3-87AC-F2BB41DFF8DF}.Debug|x86.ActiveCfg = Debug|Win32
		{A55E6D85-B259-40C3-87AC-F2BB41DFF8DF}.Debug|x86.Build.0 = Debug|Win32
		{A55E6D85-B259-40C3-87AC-F2BB41DFF8DF}.Release|Any CPU.ActiveCfg = Release|Win32
		{A55E6D85-B259-40C3-87AC-F2BB41DFF8DF}.Release|x64.ActiveCfg = Release|x64
		{A55E6D85-B259-40C3-87AC-F2BB41DFF8DF}.Release|x64.Build.0 = Release|x64
		{A55E6D85-B259-40C3-87AC-F2BB41DFF8DF}.Release|x86.ActiveCfg = Release|Win32
		{A55E6D85-B259-40C3-87AC-F2BB41DFF8DF}.Release|x86.Build.0 = Release|Win32
		{400A42C3-F911-4D55-9CD0-A36BE57FB232}.Debug|Any CPU.ActiveCfg = Debug|Win32
		{400A42C3-F911-4D55-9CD0-A36BE57FB232}.Debug|x64.ActiveCfg = Debug|x64
		{400A42C3-F911-4D55-9CD0-A36BE57FB232}.Debug|x64.Build.0 = Debug|x64
		{400A42C3-F911-4D55-9CD0-A36BE57FB232}.Debug|x86.ActiveCfg = Debug|Win32
		{400A42C3-F911-4D55-9CD0-A36BE57FB232}.Debug|x86.Build.0 = Debug|Win32
		{400A42C3-F911-4D55-9CD0-A36BE57FB232}.Release|Any CPU.ActiveCfg = Release|Win32
		{400A42C3-F911-4D55-9CD0-A36BE57FB232}.Release|x64.ActiveCfg = Release|x64
		{400A42C3-F911-4D55-9CD0-A36BE57FB232}.Release|x64.Build.0 = Release|x64
		{400A42C3-F911-4D55-9CD0-A36BE57FB232}.Release|x86.ActiveCfg = Release|Win32
		{400A42C3-F911-4D55-9CD0-A36BE57FB232}.Release|x86.Build.0 = Release|Win32
		{A86C2E03-62F3-4E24-9384-5B9452C33151}.Debug|Any CPU.ActiveCfg = Debug|Win32
		{A86C2E03-62F3-4E24-9384-5B9452C33151}.Debug|x64.ActiveCfg = Debug|x64
		{A86C2E03-62F3-4E24-9384-5B9452C33151}.Debug|x64.Build.0 = Debug|x64
		{A86C2E03-62F3-4E24-9384-5B9452C33151}.Debug|x86.ActiveCfg = Debug|Win32
		{A86C2E03-62F3-4E24-9384-5B9452C33151}.Debug|x86.Build.0 = Debug|Win32
		{A86C2E03-62F3-4E24-9384-5B9452C33151}.Release|Any CPU.ActiveCfg = Release|Win32
		{A86C2E03-62F3-4E24-9384-5B9452C33151}.Release|x64.ActiveCfg = Release|x64
		{A86C2E03-62F3-4E24-9384-5B9452C33151}.Release|x64.Build.0 = Release|x64
		{A86C2E03-62F3-4E24-9384-5B9452C33151}.Release|x86.ActiveCfg = Release|Win32
		{A86C2E03-62F3-4E24-9384-5B9452C33151}.Release|x86.Build.0 = Release|Win32
		{321E3EF1-2060-4504-ABB8-7222249BA973}.Debug|Any CPU.ActiveCfg = Debug|Win32
		{321E3EF1-2060-4504-ABB8-7222249BA973}.Debug|x64.ActiveCfg = Debug|x64
		{321E3EF1-2060-4504-ABB8-7222249BA973}.Debug|x64.Build.0 = Debug|x64
		{321E3EF1-2060-4504-ABB8-7222249BA973}.Debug|x86.ActiveCfg = Debug|Win32
		{321E3EF1-2060-4504-ABB8-7222249BA973}.Debug|x86.Build.0 = Debug|Win32
		{321E3EF1-2060-4504-ABB8-7222249BA973}.Release|Any CPU.ActiveCfg = Release|Win32
		{321E3EF1-2060-4504-ABB8-7222249BA973}.Release|x64.ActiveCfg = Release|x64
		{321E3EF1-2060-4504-ABB8-7222249BA973}.Release|x64.Build.0 = Release|x64
		{321E3EF1-2060-4504-ABB8-7222249BA973}.Release|x86.ActiveCfg = Release|Win32
		{321E3EF1-2060-4504-ABB8-7222249BA973}.Release|x86.Build.0 = Release|Win32
		{AD3623FE-D46D-4968-8369-BD5439A6B386}.Debug|Any CPU.ActiveCfg = Debug|Win32
		{AD3623FE-D46D-4968-8369-BD5439A6B386}.Debug|x64.ActiveCfg = Debug|x64
		{AD3623FE-D46D-4968-8369-BD5439A6B386}.Debug|x64.Build.0 = Debug|x64
		{AD3623FE-D46D-4968-8369-BD5439A6B386}.Debug|x86.ActiveCfg = Debug|Win32
		{AD3623FE-D46D-4968-8369-BD5439A6B386}.Debug|x86.Build.0 = Debug|Win32
		{AD3623FE-D46D-4968-8369-BD5439A6B386}.Release|Any CPU.ActiveCfg = Release|Win32
		{AD3623FE-D46D-4968-8369-BD5439A6B386}.Release|x64.ActiveCfg = Release|x64
		{AD3623FE-D46D-4968-8369-BD5439A6B386}.Release|x64.Build.0 = Release|x64
		{AD3623FE-D46D-4968-8369-BD5439A6B386}.Release|x86.ActiveCfg = Release|Win32
		{AD3623FE-D46D-4968-8369-BD5439A6B386}.Release|x86.Build.0 = Release|Win32
		{E8443487-6360-4666-B09E-3F19C1B0A3E3}.Debug|Any CPU.ActiveCfg = Debug|Win32
		{E8443487-6360-4666-B09E-3F19C1B0A3E3}.Debug|x64.ActiveCfg = Debug|x64
		{E8443487-6360-4666-B09E-3F19C1B0A3E3}.Debug|x64.Build.0 = Debug|x64
		{E8443487-6360-4666-B09E-3F19C1B0A3E3}.Debug|x86.ActiveCfg = Debug|Win32
		{E8443487-6360-4666-B09E-3F19C1B0A3E3}.Debug|x86.Build.0 = Debug|Win32
		{E8443487-6360-4666-B09E-3F19C1B0A3E3}.Release|Any CPU.ActiveCfg = Release|Win32
		{E8443487-6360-4666-B09E-3F19C1B0A3E3}.Release|x64.ActiveCfg = Release|x64
		{E8443487-6360-4666-B09E-3F19C1B0A3E3}.Release|x64.Build.0 = Release|x64
		{E8443487-6360-4666-B09E-3F19C1B0A3E3}.Release|x86.ActiveCfg = Release|Win32
		{E8443487-6360-4666-B09E-3F19C1B0A3E3}.Release|x86.Build.0 = Release|Win32
		{BBA3BFCC-1BA0-4BF4-A4EC-D82969880D30}.Debug|Any CPU.ActiveCfg = Debug|Win32
		{BBA3BFCC-1BA0-4BF4-A4EC-D82969880D30}.Debug|x64.ActiveCfg = Debug|x64
		{BBA3BFCC-1BA0-4BF4-A4EC-D82969880D30}.Debug|x64.Build.0 = Debug|x64
		{BBA3BFCC-1BA0-4BF4-A4EC-D82969880D30}.Debug|x86.ActiveCfg = Debug|Win32
		{BBA3BFCC-1BA0-4BF4-A4EC-D82969880D30}.Debug|x86.Build.0 = Debug|Win32
		{BBA3BFCC-1BA0-4BF4-A4EC-D82969880D30}.Release|Any CPU.ActiveCfg = Release|Win32
		{BBA3BFCC-1BA0-4BF4-A4EC-D82969880D30}.Release|x64.ActiveCfg = Release|x64
		{BBA3BFCC-1BA0-4BF4-A4EC-D82969880D30}.Release|x64.Build.0 = Release|x64
		{BBA3BFCC-1BA0-4BF4-A4EC-D82969880D30}.Release|x86.ActiveCfg = Release|Win32
		{BBA3BFCC-1BA0-4BF4-A4EC-D82969880D30}.Release|x86.Build.0 = Release|Win32
		{5869C50F-6EBF-4111-8D40-357883886705}.Debug|Any CPU.ActiveCfg = Debug|Win32
		{5869C50F-6EBF-4111-8D40-357883886705}.Debug|x64.ActiveCfg = Debug|x64
		{5869C50F-6EBF-4111-8D40-357883886705}.Debug|x64.Build.0 = Debug|x64
		{5869C50F-6EBF-4111-8D40-357883886705}.Debug|x86.ActiveCfg = Debug|Win32
		{5869C50F-6EBF-4111-8D40-357883886705}.Debug|x86.Build.0 = Debug|Win32
		{5869C50F-6EBF-4111-8D40-357883886705}.Release|Any CPU.ActiveCfg = Release|Win32
		{5869C50F-6EBF-4111-8D40-357883886705}.Release|x64.ActiveCfg = Release|x64
		{5869C50F-6EBF-4111-8D40-357883886705}.Release|x64.Build.0 = Release|x64
		{5869C50F-6EBF-4111-8D40-357883886705}.Release|x86.ActiveCfg = Release|Win32
		{5869C50F-6EBF-4111-8D40-357883886705}.Release|x86.Build.0 = Release|Win32
		{5EE731EE-20AE-4B44-A73C-358A25945A14}.Debug|Any CPU.ActiveCfg = Debug|Win32
		{5EE731EE-20AE-4B44-A73C-358A25945A14}.Debug|x64.ActiveCfg = Debug|x64
		{5EE731EE-20AE-4B44-A73C-358A25945A14}.Debug|x64.Build.0 = Debug|x64
		{5EE731EE-20AE-4B44-A73C-358A25945A14}.Debug|x86.ActiveCfg = Debug|Win32
		{5EE731EE-20AE-4B44-A73C-358A25945A14}.Debug|x86.Build.0 = Debug|Win32
		{5EE731EE-20AE-4B44-A73C-358A25945A14}.Release|Any CPU.ActiveCfg = Release|Win32
		{5EE731EE-20AE-4B44-A73C-358A25945A14}.Release|x64.ActiveCfg = Release|x64
		{5EE731EE-20AE-4B44-A73C-358A25945A14}.Release|x64.Build.0 = Release|x64
		{5EE731EE-20AE-4B44-A73C-358A25945A14}.Release|x86.ActiveCfg = Release|Win32
		{5EE731EE-20AE-4B44-A73C-358A25945A14}.Release|x86.Build.0 = Release|Win32
		{447D124F-F6B2-4549-A36E-795C1D71EF82}.Debug|Any CPU.ActiveCfg = Debug|Win32
		{447D124F-F6B2-4549-A36E-795C1D71EF82}.Debug|x64.ActiveCfg = Debug|x64
		{447D124F-F6B2-4549-A36E-795C1D71EF82}.Debug|x64.Build.0 = Debug|x64
		{447D124F-F6B2-4549-A36E-795C1D71EF82}.Debug|x86.ActiveCfg = Debug|Win32
		{447D124F-F6B2-4549-A36E-795C1D71EF82}.Debug|x86.Build.0 = Debug|Win32
		{447D124F-F6B2-4549-A36E-795C1D71EF82}.Release|Any CPU.ActiveCfg = Release|Win32
		{447D124F-F6B2-4549-A36E-795C1D71EF82}.Release|x64.ActiveCfg = Release|x64
		{447D124F-F6B2-4549-A36E-795C1D71EF82}.Release|x64.Build.0 = Release|x64
		{447D124F-F6B2-4549-A36E-795C1D71EF82}.Release|x86.ActiveCfg = Release|Win32
		{447D124F-F6B2-4549-A36E-795C1D71EF82}.Release|x86.Build.0 = Release|Win32
		{0FA3A5A7-712A-4F60-9524-5B76B4F5E10E}.Debug|Any CPU.ActiveCfg = Debug|Win32
		{0FA3A5A7-712A-4F60-9524-5B76B4F5E10E}.Debug|x64.ActiveCfg = Debug|x64
		{0FA3A5A7-712A-4F60-9524-5B76B4F5E10E}.Debug|x64.Build.0 = Debug|x64
		{0FA3A5A7-712A-4F60-9524-5B76B4F5E10E}.Debug|x86.ActiveCfg = Debug|Win32
		{0FA3A5A7-712A-4F60-9524-5B76B4F5E10E}.Debug|x86.Build.0 = Debug|Win32
		{0FA3A5A7-712A-4F60-9524-5B76B4F5E10E}.Release|Any CPU.ActiveCfg = Release|Win32
		{0FA3A5A7-712A-4F60-9524-5B76B4F5E10E}.Release|x64.ActiveCfg = Release|x64
		{0FA3A5A7-712A-4F60-9524-5B76B4F5E10E}.Release|x64.Build.0 = Release|x64
		{0FA3A5A7-712A-4F60-9524-5B76B4F5E10E}.Release|x86.ActiveCfg = Release|Win32
		{0FA3A5A7-712A-4F60-9524-5B76B4F5E10E}.Release|x86.Build.0 = Release|Win32
		{71995FCB-A227-4D5E-8FA5-9351CBDB597B}.Debug|Any CPU.ActiveCfg = Debug|Win32
		{71995FCB-A227-4D5E-8FA5-9351CBDB597B}.Debug|x64.ActiveCfg = Debug|x64
		{71995FCB-A227-4D5E-8FA5-9351CBDB597B}.Debug|x64.Build.0 = Debug|x64
		{71995FCB-A227-4D5E-8FA5-9351CBDB597B}.Debug|x86.ActiveCfg = Debug|Win32
		{71995FCB-A227-4D5E-8FA5-9351CBDB597B}.Debug|x86.Build.0 = Debug|Win32
		{71995FCB-A227-4D5E-8FA5-9351CBDB597B}.Release|Any CPU.ActiveCfg = Release|Win32
		{71995FCB-A227-4D5E-8FA5-9351CBDB597B}.Release|x64.ActiveCfg = Release|x64
		{71995FCB-A227-4D5E-8FA5-9351CBDB597B}.Release|x64.Build.0 = Release|x64
		{71995FCB-A227-4D5E-8FA5-9351CBDB597B}.Release|x86.ActiveCfg = Release|Win32
		{71995FCB-A227-4D5E-8FA5-9351CBDB597B}.Release|x86.Build.0 = Release|Win32
		{7AF170B2-7DA9-41FB-B621-E24D9BAB41D7}.Debug|Any CPU.ActiveCfg = Debug|Win32
		{7AF170B2-7DA9-41FB-B621-E24D9BAB41D7}.Debug|x64.ActiveCfg = Debug|x64
		{7AF170B2-7DA9-41FB-B621-E24D9BAB41D7}.Debug|x64.Build.0 = Debug|x64
		{7AF170B2-7DA9-41FB-B621-E24D9BAB41D7}.Debug|x86.ActiveCfg = Debug|Win32
		{7AF170B2-7DA9-41FB-B621-E24D9BAB41D7}.Debug|x86.Build.0 = Debug|Win32
		{7AF170B2-7DA9-41FB-B621-E24D9BAB41D7}.Release|Any CPU.ActiveCfg = Release|Win32
		{7AF170B2-7DA9-41FB-B621-E24D9BAB41D7}.Release|x64.ActiveCfg = Release|x64
		{7AF170B2-7DA9-41FB-B621-E24D9BAB41D7}.Release|x64.Build.0 = Release|x64
		{7AF170B2-7DA9-41FB-B621-E24D9BAB41D7}.Release|x86.ActiveCfg = Release|Win32
		{7AF170B2-7DA9-41FB-B621-E24D9BAB41D7}.Release|x86.Build.0 = Release|Win32
		{5D06813D-1EDD-49F9-B3E0-CEAF759029FD}.Debug|Any CPU.ActiveCfg = Debug|Win32
		{5D06813D-1EDD-49F9-B3E0-CEAF759029FD}.Debug|x64.ActiveCfg = Debug|x64
		{5D06813D-1EDD-49F9-B3E0-CEAF759029FD}.Debug|x64.Build.0 = Debug|x64
		{5D06813D-1EDD-49F9-B3E0-CEAF759029FD}.Debug|x86.ActiveCfg = Debug|Win32
		{5D06813D-1EDD-49F9-B3E0-CEAF759029FD}.Debug|x86.Build.0 = Debug|Win32
		{5D06813D-1EDD-49F9-B3E0-CEAF759029FD}.Release|Any CPU.ActiveCfg = Release|Win32
		{5D06813D-1EDD-49F9-B3E0-CEAF759029FD}.Release|x64.ActiveCfg = Release|x64
		{5D06813D-1EDD-49F9-B3E0-CEAF759029FD}.Release|x64.Build.0 = Release|x64
		{5D06813D-1EDD-49F9-B3E0-CEAF759029FD}.Release|x86.ActiveCfg = Release|Win32
		{5D06813D-1EDD-49F9-B3E0-CEAF759029FD}.Release|x86.Build.0 = Release|Win32
		{3ABB800F-1B52-4EDB-8FA2-F7A6D67D9FAF}.Debug|Any CPU.ActiveCfg = Debug|Win32
		{3ABB800F-1B52-4EDB-8FA2-F7A6D67D9FAF}.Debug|x64.ActiveCfg = Debug|x64
		{3ABB800F-1B52-4EDB-8FA2-F7A6D67D9FAF}.Debug|x64.Build.0 = Debug|x64
		{3ABB800F-1B52-4EDB-8FA2-F7A6D67D9FAF}.Debug|x86.ActiveCfg = Debug|Win32
		{3ABB800F-1B52-4EDB-8FA2-F7A6D67D9FAF}.Debug|x86.Build.0 = Debug|Win32
		{3ABB800F-1B52-4EDB-8FA2-F7A6D67D9FAF}.Release|Any CPU.ActiveCfg = Release|Win32
		{3ABB800F-1B52-4EDB-8FA2-F7A6D67D9FAF}.Release|x64.ActiveCfg = Release|x64
		{3ABB800F-1B52-4EDB-8FA2-F7A6D67D9FAF}.Release|x64.Build.0 = Release|x64
		{3ABB800F-1B52-4EDB-8FA2-F7A6D67D9FAF}.Release|x86.ActiveCfg = Release|Win32
		{3ABB800F-1B52-4EDB-8FA2-F7A6D67D9FAF}.Release|x86.Build.0 = Release|Win32
		{487D58ED-1F87-4A86-BD86-BF84CE4D1EE5}.Debug|Any CPU.ActiveCfg = Debug|Win32
		{487D58ED-1F87-4A86-BD86-BF84CE4D1EE5}.Debug|x64.ActiveCfg = Debug|x64
		{487D58ED-1F87-4A86-BD86-BF84CE4D1EE5}.Debug|x64.Build.0 = Debug|x64
		{487D58ED-1F87-4A86-BD86-BF84CE4D1EE5}.Debug|x86.ActiveCfg = Debug|Win32
		{487D58ED-1F87-4A86-BD86-BF84CE4D1EE5}.Debug|x86.Build.0 = Debug|Win32
		{487D58ED-1F87-4A86-BD86-BF84CE4D1EE5}.Release|Any CPU.ActiveCfg = Release|Win32
		{487D58ED-1F87-4A86-BD86-BF84CE4D1EE5}.Release|x64.ActiveCfg = Release|x64
		{487D58ED-1F87-4A86-BD86-BF84CE4D1EE5}.Release|x64.Build.0 = Release|x64
		{487D58ED-1F87-4A86-BD86-BF84CE4D1EE5}.Release|x86.ActiveCfg = Release|Win32
		{487D58ED-1F87-4A86-BD86-BF84CE4D1EE5}.Release|x86.Build.0 = Release|Win32
		{3D548370-93AC-426C-909B-A714E4B6152A}.Debug|Any CPU.ActiveCfg = Debug|Win32
		{3D548370-93AC-426C-909B-A714E4B6152A}.Debug|x64.ActiveCfg = Debug|x64
		{3D548370-93AC-426C-909B-A714E4B6152A}.Debug|x64.Build.0 = Debug|x64
		{3D548370-93AC-426C-909B-A714E4B6152A}.Debug|x86.ActiveCfg = Debug|Win32
		{3D548370-93AC-426C-909B-A714E4B6152A}.Debug|x86.Build.0 = Debug|Win32
		{3D548370-93AC-426C-909B-A714E4B6152A}.Release|Any CPU.ActiveCfg = Release|Win32
		{3D548370-93AC-426C-909B-A714E4B6152A}.Release|x64.ActiveCfg = Release|x64
		{3D548370-93AC-426C-909B-A714E4B6152A}.Release|x64.Build.0 = Release|x64
		{3D548370-93AC-426C-909B-A714E4B6152A}.Release|x86.ActiveCfg = Release|Win32
		{3D548370-93AC-426C-909B-A714E4B6152A}.Release|x86.Build.0 = Release|Win32
		{2624BE27-7D42-4276-8FB0-9AA03BCC79BF}.Debug|Any CPU.ActiveCfg = Debug|Win32
		{2624BE27-7D42-4276-8FB0-9AA03BCC79BF}.Debug|x64.ActiveCfg = Debug|x64
		{2624BE27-7D42-4276-8FB0-9AA03BCC79BF}.Debug|x64.Build.0 = Debug|x64
		{2624BE27-7D42-4276-8FB0-9AA03BCC79BF}.Debug|x86.ActiveCfg = Debug|Win32
		{2624BE27-7D42-4276-8FB0-9AA03BCC79BF}.Debug|x86.Build.0 = Debug|Win32
		{2624BE27-7D42-4276-8FB0-9AA03BCC79BF}.Release|Any CPU.ActiveCfg = Release|Win32
		{2624BE27-7D42-4276-8FB0-9AA03BCC79BF}.Release|x64.ActiveCfg = Release|x64
		{2624BE27-7D42-4276-8FB0-9AA03BCC79BF}.Release|x64.Build.0 = Release|x64
		{2624BE27-7D42-4276-8FB0-9AA03BCC79BF}.Release|x86.ActiveCfg = Release|Win32
		{2624BE27-7D42-4276-8FB0-9AA03BCC79BF}.Release|x86.Build.0 = Release|Win32
		{CA684825-0150-4BF8-8566-C7CE2358F949}.Debug|Any CPU.ActiveCfg = Debug|Win32
		{CA684825-0150-4BF8-8566-C7CE2358F949}.Debug|x64.ActiveCfg = Debug|x64
		{CA684825-0150-4BF8-8566-C7CE2358F949}.Debug|x64.Build.0 = Debug|x64
		{CA684825-0150-4BF8-8566-C7CE2358F949}.Debug|x86.ActiveCfg = Debug|Win32
		{CA684825-0150-4BF8-8566-C7CE2358F949}.Debug|x86.Build.0 = Debug|Win32
		{CA684825-0150-4BF8-8566-C7CE2358F949}.Release|Any CPU.ActiveCfg = Release|Win32
		{CA684825-0150-4BF8-8566-C7CE2358F949}.Release|x64.ActiveCfg = Release|x64
		{CA684825-0150-4BF8-8566-C7CE2358F949}.Release|x64.Build.0 = Release|x64
		{CA684825-0150-4BF8-8566-C7CE2358F949}.Release|x86.ActiveCfg = Release|Win32
		{CA684825-0150-4BF8-8566-C7CE2358F949}.Release|x86.Build.0 = Release|Win32
		{6E509771-D4A6-4A91-ACD4-A49AF0339BD9}.Debug|Any CPU.ActiveCfg = Debug|Win32
		{6E509771-D4A6-4A91-ACD4-A49AF0339BD9}.Debug|x64.ActiveCfg = Debug|x64
		{6E509771-D4A6-4A91-ACD4-A49AF0339BD9}.Debug|x64.Build.0 = Debug|x64
		{6E509771-D4A6-4A91-ACD4-A49AF0339BD9}.Debug|x86.ActiveCfg = Debug|Win32
		{6E509771-D4A6-4A91-ACD4-A49AF0339BD9}.Debug|x86.Build.0 = Debug|Win32
		{6E509771-D4A6-4A91-ACD4-A49AF0339BD9}.Release|Any CPU.ActiveCfg = Release|Win32
		{6E509771-D4A6-4A91-ACD4-A49AF0339BD9}.Release|x64.ActiveCfg = Release|x64
		{6E509771-D4A6-4A91-ACD4-A49AF0339BD9}.Release|x64.Build.0 = Release|x64
		{6E509771-D4A6-4A91-ACD4-A49AF0339BD9}.Release|x86.ActiveCfg = Release|Win32
		{6E509771-D4A6-4A91-ACD4-A49AF0339BD9}.Release|x86.Build.0 = Release|Win32
		{3E973FF5-FB7B-4B39-A958-4C8CE8241B3E}.Debug|Any CPU.ActiveCfg = Debug|Win32
		{3E973FF5-FB7B-4B39-A958-4C8CE8241B3E}.Debug|x64.ActiveCfg = Debug|x64
		{3E973FF5-FB7B-4B39-A958-4C8CE8241B3E}.Debug|x64.Build.0 = Debug|x64
		{3E973FF5-FB7B-4B39-A958-4C8CE8241B3E}.Debug|x86.ActiveCfg = Debug|Win32
		{3E973FF5-FB7B-4B39-A958-4C8CE8241B3E}.Debug|x86.Build.0 = Debug|Win32
		{3E973FF5-FB7B-4B39-A958-4C8CE8241B3E}.Release|Any CPU.ActiveCfg = Release|Win32
		{3E973FF5-FB7B-4B39-A958-4C8CE8241B3E}.Release|x64.ActiveCfg = Release|x64
		{3E973FF5-FB7B-4B39-A958-4C8CE8241B3E}.Release|x64.Build.0 = Release|x64
		{3E973FF5-FB7B-4B39-A958-4C8CE8241B3E}.Release|x86.ActiveCfg = Release|Win32
		{3E973FF5-FB7B-4B39-A958-4C8CE8241B3E}.Release|x86.Build.0 = Release|Win32
		{3666DEFD-8F67-4677-AB3A-A8D7D7A7275F}.Debug|Any CPU.ActiveCfg = Debug|Win32
		{3666DEFD-8F67-4677-AB3A-A8D7D7A7275F}.Debug|x64.ActiveCfg = Debug|x64
		{3666DEFD-8F67-4677-AB3A-A8D7D7A7275F}.Debug|x64.Build.0 = Debug|x64
		{3666DEFD-8F67-4677-AB3A-A8D7D7A7275F}.Debug|x86.ActiveCfg = Debug|Win32
		{3666DEFD-8F67-4677-AB3A-A8D7D7A7275F}.Debug|x86.Build.0 = Debug|Win32
		{3666DEFD-8F67-4677-AB3A-A8D7D7A7275F}.Release|Any CPU.ActiveCfg = Release|Win32
		{3666DEFD-8F67-4677-AB3A-A8D7D7A7275F}.Release|x64.ActiveCfg = Release|x64
		{3666DEFD-8F67-4677-AB3A-A8D7D7A7275F}.Release|x64.Build.0 = Release|x64
		{3666DEFD-8F67-4677-AB3A-A8D7D7A7275F}.Release|x86.ActiveCfg = Release|Win32
		{3666DEFD-8F67-4677-AB3A-A8D7D7A7275F}.Release|x86.Build.0 = Release|Win32
		{29A3B57A-9096-47AB-9C48-D86ED7D7EFF0}.Debug|Any CPU.ActiveCfg = Debug|Win32
		{29A3B57A-9096-47AB-9C48-D86ED7D7EFF0}.Debug|x64.ActiveCfg = Debug|x64
		{29A3B57A-9096-47AB-9C48-D86ED7D7EFF0}.Debug|x64.Build.0 = Debug|x64
		{29A3B57A-9096-47AB-9C48-D86ED7D7EFF0}.Debug|x86.ActiveCfg = Debug|Win32
		{29A3B57A-9096-47AB-9C48-D86ED7D7EFF0}.Debug|x86.Build.0 = Debug|Win32
		{29A3B57A-9096-47AB-9C48-D86ED7D7EFF0}.Release|Any CPU.ActiveCfg = Release|Win32
		{29A3B57A-9096-47AB-9C48-D86ED7D7EFF0}.Release|x64.ActiveCfg = Release|x64
		{29A3B57A-9096-47AB-9C48-D86ED7D7EFF0}.Release|x64.Build.0 = Release|x64
		{29A3B57A-9096-47AB-9C48-D86ED7D7EFF0}.Release|x86.ActiveCfg = Release|Win32
		{29A3B57A-9096-47AB-9C48-D86ED7D7EFF0}.Release|x86.Build.0 = Release|Win32
		{79ECCB65-3892-49E6-8806-7D5F30241B9C}.Debug|Any CPU.ActiveCfg = Debug|Win32
		{79ECCB65-3892-49E6-8806-7D5F30241B9C}.Debug|x64.ActiveCfg = Debug|x64
		{79ECCB65-3892-49E6-8806-7D5F30241B9C}.Debug|x64.Build.0 = Debug|x64
		{79ECCB65-3892-49E6-8806-7D5F30241B9C}.Debug|x86.ActiveCfg = Debug|Win32
		{79ECCB65-3892-49E6-8806-7D5F30241B9C}.Debug|x86.Build.0 = Debug|Win32
		{79ECCB65-3892-49E6-8806-7D5F30241B9C}.Release|Any CPU.ActiveCfg = Release|Win32
		{79ECCB65-3892-49E6-8806-7D5F30241B9C}.Release|x64.ActiveCfg = Release|x64
		{79ECCB65-3892-49E6-8806-7D5F30241B9C}.Release|x64.Build.0 = Release|x64
		{79ECCB65-3892-49E6-8806-7D5F30241B9C}.Release|x86.ActiveCfg = Release|Win32
		{79ECCB65-3892-49E6-8806-7D5F30241B9C}.Release|x86.Build.0 = Release|Win32
		{A0872336-AF6E-4328-8073-6A2CA2630B40}.Debug|Any CPU.ActiveCfg = Debug|Win32
		{A0872336-AF6E-4328-8073-6A2CA2630B40}.Debug|x64.ActiveCfg = Debug|x64
		{A0872336-AF6E-4328-8073-6A2CA2630B40}.Debug|x64.Build.0 = Debug|x64
		{A0872336-AF6E-4328-8073-6A2CA2630B40}.Debug|x86.ActiveCfg = Debug|Win32
		{A0872336-AF6E-4328-8073-6A2CA2630B40}.Debug|x86.Build.0 = Debug|Win32
		{A0872336-AF6E-4328-8073-6A2CA2630B40}.Release|Any CPU.ActiveCfg = Release|Win32
		{A0872336-AF6E-4328-8073-6A2CA2630B40}.Release|x64.ActiveCfg = Release|x64
		{A0872336-AF6E-4328-8073-6A2CA2630B40}.Release|x64.Build.0 = Release|x64
		{A0872336-AF6E-4328-8073-6A2CA2630B40}.Release|x86.ActiveCfg = Release|Win32
		{A0872336-AF6E-4328-8073-6A2CA2630B40}.Release|x86.Build.0 = Release|Win32
		{06ED69C5-06BC-4C91-8034-FF7F2B6936B3}.Debug|Any CPU.ActiveCfg = Debug|Win32
		{06ED69C5-06BC-4C91-8034-FF7F2B6936B3}.Debug|x64.ActiveCfg = Debug|x64
		{06ED69C5-06BC-4C91-8034-FF7F2B6936B3}.Debug|x64.Build.0 = Debug|x64
		{06ED69C5-06BC-4C91-8034-FF7F2B6936B3}.Debug|x86.ActiveCfg = Debug|Win32
		{06ED69C5-06BC-4C91-8034-FF7F2B6936B3}.Debug|x86.Build.0 = Debug|Win32
		{06ED69C5-06BC-4C91-8034-FF7F2B6936B3}.Release|Any CPU.ActiveCfg = Release|Win32
		{06ED69C5-06BC-4C91-8034-FF7F2B6936B3}.Release|x64.ActiveCfg = Release|x64
		{06ED69C5-06BC-4C91-8034-FF7F2B6936B3}.Release|x64.Build.0 = Release|x64
		{06ED69C5-06BC-4C91-8034-FF7F2B6936B3}.Release|x86.ActiveCfg = Release|Win32
		{06ED69C5-06BC-4C91-8034-FF7F2B6936B3}.Release|x86.Build.0 = Release|Win32
		{97EE3659-D286-417C-B72D-5B87A474C85E}.Debug|Any CPU.ActiveCfg = Debug|Win32
		{97EE3659-D286-417C-B72D-5B87A474C85E}.Debug|x64.ActiveCfg = Debug|x64
		{97EE3659-D286-417C-B72D-5B87A474C85E}.Debug|x64.Build.0 = Debug|x64
		{97EE3659-D286-417C-B72D-5B87A474C85E}.Debug|x86.ActiveCfg = Debug|Win32
		{97EE3659-D286-417C-B72D-5B87A474C85E}.Debug|x86.Build.0 = Debug|Win32
		{97EE3659-D286-417C-B72D-5B87A474C85E}.Release|Any CPU.ActiveCfg = Release|Win32
		{97EE3659-D286-417C-B72D-5B87A474C85E}.Release|x64.ActiveCfg = Release|x64
		{97EE3659-D286-417C-B72D-5B87A474C85E}.Release|x64.Build.0 = Release|x64
		{97EE3659-D286-417C-B72D-5B87A474C85E}.Release|x86.ActiveCfg = Release|Win32
		{97EE3659-D286-417C-B72D-5B87A474C85E}.Release|x86.Build.0 = Release|Win32
		{876ED1C4-2E50-4289-BCCF-C7E5F55C0736}.Debug|Any CPU.ActiveCfg = Debug|Win32
		{876ED1C4-2E50-4289-BCCF-C7E5F55C0736}.Debug|x64.ActiveCfg = Debug|x64
		{876ED1C4-2E50-4289-BCCF-C7E5F55C0736}.Debug|x64.Build.0 = Debug|x64
		{876ED1C4-2E50-4289-BCCF-C7E5F55C0736}.Debug|x86.ActiveCfg = Debug|Win32
		{876ED1C4-2E50-4289-BCCF-C7E5F55C0736}.Debug|x86.Build.0 = Debug|Win32
		{876ED1C4-2E50-4289-BCCF-C7E5F55C0736}.Release|Any CPU.ActiveCfg = Release|Win32
		{876ED1C4-2E50-4289-BCCF-C7E5F55C0736}.Release|x64.ActiveCfg = Release|x64
		{876ED1C4-2E50-4289-BCCF-C7E5F55C0736}.Release|x64.Build.0 = Release|x64
		{876ED1C4-2E50-4289-BCCF-C7E5F55C0736}.Release|x86.ActiveCfg = Release|Win32
		{876ED1C4-2E50-4289-BCCF-C7E5F55C0736}.Release|x86.Build.0 = Release|Win32
		{77599ECE-9E5E-4198-A685-376A1FE01A44}.Debug|Any CPU.ActiveCfg = Debug|Win32
		{77599ECE-9E5E-4198-A685-376A1FE01A44}.Debug|x64.ActiveCfg = Debug|x64
		{77599ECE-9E5E-4198-A685-376A1FE01A44}.Debug|x64.Build.0 = Debug|x64
		{77599ECE-9E5E-4198-A685-376A1FE01A44}.Debug|x86.ActiveCfg = Debug|Win32
		{77599ECE-9E5E-4198-A685-376A1FE01A44}.Debug|x86.Build.0 = Debug|Win32
		{77599ECE-9E5E-4198-A685-376A1FE01A44}.Release|Any CPU.ActiveCfg = Release|Win32
		{77599ECE-9E5E-4198-A685-376A1FE01A44}.Release|x64.ActiveCfg = Release|x64
		{77599ECE-9E5E-4198-A685-376A1FE01A44}.Release|x64.Build.0 = Release|x64
		{77599ECE-9E5E-4198-A685-376A1FE01A44}.Release|x86.ActiveCfg = Release|Win32
		{77599ECE-9E5E-4198-A685-376A1FE01A44}.Release|x86.Build.0 = Release|Win32
		{7A1EC5DD-6B15-48A0-9163-35278024597E}.Debug|Any CPU.ActiveCfg = Debug|Win32
		{7A1EC5DD-6B15-48A0-9163-35278024597E}.Debug|x64.ActiveCfg = Debug|x64
		{7A1EC5DD-6B15-48A0-9163-35278024597E}.Debug|x64.Build.0 = Debug|x64
		{7A1EC5DD-6B15-48A0-9163-35278024597E}.Debug|x86.ActiveCfg = Debug|Win32
		{7A1EC5DD-6B15-48A0-9163-35278024597E}.Debug|x86.Build.0 = Debug|Win32
		{7A1EC5DD-6B15-48A0-9163-35278024597E}.Release|Any CPU.ActiveCfg = Release|Win32
		{7A1EC5DD-6B15-48A0-9163-35278024597E}.Release|x64.ActiveCfg = Release|x64
		{7A1EC5DD-6B15-48A0-9163-35278024597E}.Release|x64.Build.0 = Release|x64
		{7A1EC5DD-6B15-48A0-9163-35278024597E}.Release|x86.ActiveCfg = Release|Win32
		{7A1EC5DD-6B15-48A0-9163-35278024597E}.Release|x86.Build.0 = Release|Win32
	EndGlobalSection
	GlobalSection(SolutionProperties) = preSolution
		HideSolutionNode = FALSE
	EndGlobalSection
	GlobalSection(NestedProjects) = preSolution
		{7769A474-409D-430C-A1C2-C0E223F402AF} = {13277A29-97AC-4EE0-A884-E7E6276D2132}
		{A5EA5562-B7E3-4227-BB03-911B06F095AA} = {13277A29-97AC-4EE0-A884-E7E6276D2132}
		{45C57B55-C8FE-4330-944F-0439DD168BBC} = {13277A29-97AC-4EE0-A884-E7E6276D2132}
		{A804D222-2EAF-4119-8163-42654ECF9DF5} = {13277A29-97AC-4EE0-A884-E7E6276D2132}
		{565F57FB-F9ED-424D-9FE4-0954AA84849E} = {ACB5E331-8D2B-4134-9666-1B57707B5F7E}
		{7D4BA759-7A78-4D65-B4DB-E6E345951ED9} = {ACB5E331-8D2B-4134-9666-1B57707B5F7E}
		{EF6DBE45-8CF8-4DE7-8BA5-37B6DCDAEBA8} = {ACB5E331-8D2B-4134-9666-1B57707B5F7E}
		{C2027171-C445-4279-B725-23DDFDD90BB4} = {ACB5E331-8D2B-4134-9666-1B57707B5F7E}
		{32AE750F-4F1C-47F4-AFD1-CB50F273605B} = {19E5EE35-4DCD-41CE-856E-C81488B6FA06}
		{256FD98C-C231-4CE0-ACE1-21D084B0C6E9} = {19E5EE35-4DCD-41CE-856E-C81488B6FA06}
		{D206C8F7-13F4-41C0-8788-7C3A4F017A2A} = {19E5EE35-4DCD-41CE-856E-C81488B6FA06}
		{AA2A8F2C-6CC7-4A06-A4CA-18347EBD0A75} = {19E5EE35-4DCD-41CE-856E-C81488B6FA06}
		{87C90F32-8AB6-4621-BAC1-E4A5FA808812} = {19E5EE35-4DCD-41CE-856E-C81488B6FA06}
		{BB7535DB-BD74-41CD-BB5C-E55554CAC6BA} = {19E5EE35-4DCD-41CE-856E-C81488B6FA06}
		{04831228-FCE7-403D-AD0C-546858C9DCC4} = {19E5EE35-4DCD-41CE-856E-C81488B6FA06}
		{BD025B61-F6F0-41C7-9E87-0CB948FDCA7D} = {19E5EE35-4DCD-41CE-856E-C81488B6FA06}
		{D2E1729D-C9AE-4434-BBF5-3FC595D3F9D1} = {19E5EE35-4DCD-41CE-856E-C81488B6FA06}
		{762AA18C-E7AE-40E5-96AF-250AA8DA4BB0} = {39833462-FAEA-42C6-B420-7341754C7B45}
		{3A17D7C7-F987-43AC-9FC3-B414789D0B0B} = {39833462-FAEA-42C6-B420-7341754C7B45}
		{00C65561-8A8B-4DB1-9D2F-570B4847F4A5} = {39833462-FAEA-42C6-B420-7341754C7B45}
		{F37B0AA6-9360-46DE-BC94-2A548CBD9509} = {39833462-FAEA-42C6-B420-7341754C7B45}
		{1BDFCB4F-6ED3-45C1-AEE7-D3734A578DFA} = {39833462-FAEA-42C6-B420-7341754C7B45}
		{8E06C03F-7CC5-4064-BBAE-EFF3938B1672} = {39833462-FAEA-42C6-B420-7341754C7B45}
		{2AF27F03-EDB7-45BC-B6AE-38C57AF83B8C} = {87247E6F-C1FC-4BE2-A3E5-55D39DA3F7A5}
		{DFACDC46-CDC7-4373-87BB-ECFCE2493542} = {87247E6F-C1FC-4BE2-A3E5-55D39DA3F7A5}
		{3A3C3AC4-4EF0-403D-A92C-5DF7761E63C7} = {87247E6F-C1FC-4BE2-A3E5-55D39DA3F7A5}
		{D0B0D393-379D-46EA-A862-33239A544FE0} = {87247E6F-C1FC-4BE2-A3E5-55D39DA3F7A5}
		{80E111B4-D01A-4AEE-A22B-31A16E0D4782} = {87247E6F-C1FC-4BE2-A3E5-55D39DA3F7A5}
		{279C5531-CDA9-4666-B1DD-436B1972477F} = {87247E6F-C1FC-4BE2-A3E5-55D39DA3F7A5}
		{25CB2E74-15F6-4799-A0D4-FB54B7EC973B} = {FC6CD910-79F1-44C9-AC03-667B45EB9C37}
		{23EA74AD-C5FE-4F0F-9163-31CC03041943} = {FC6CD910-79F1-44C9-AC03-667B45EB9C37}
		{53B349EC-A8D6-4D33-85FA-5A3FD7AD1839} = {FC6CD910-79F1-44C9-AC03-667B45EB9C37}
		{1470B86A-D40B-48D2-850C-AC97BF7A3EBF} = {FC6CD910-79F1-44C9-AC03-667B45EB9C37}
		{21F86BF8-23F6-4E09-B636-23E256494CFA} = {FC6CD910-79F1-44C9-AC03-667B45EB9C37}
		{D0164F72-B387-465C-92A2-6D79E75CA600} = {FC6CD910-79F1-44C9-AC03-667B45EB9C37}
		{ED6F7C50-4225-48F4-8547-F47B102A13D1} = {8CF02892-31C3-4F39-AC49-DEBA597CF068}
		{2249E1B7-A1D4-4E60-9A91-19F31B3F6487} = {8CF02892-31C3-4F39-AC49-DEBA597CF068}
		{E1D22EB3-B34B-4521-9800-772698E87B8F} = {8CF02892-31C3-4F39-AC49-DEBA597CF068}
		{6E32D204-61AD-4A19-BD48-FD7DF55D5FD4} = {8CF02892-31C3-4F39-AC49-DEBA597CF068}
		{B820DF1C-337A-4433-B276-3CC6FAC4373E} = {8CF02892-31C3-4F39-AC49-DEBA597CF068}
		{B9DA0315-934F-4522-9A84-F4DADB73B1CF} = {B31703D7-484B-4FB3-A7DF-744EF9B45B28}
		{0630FE0C-BC76-442B-BE9C-BB1308AE3673} = {B31703D7-484B-4FB3-A7DF-744EF9B45B28}
		{D8AB27B6-024F-474F-8EF3-0150D05FA44C} = {B31703D7-484B-4FB3-A7DF-744EF9B45B28}
		{1D3BB355-89AB-4247-BB77-515026CC2C3B} = {B31703D7-484B-4FB3-A7DF-744EF9B45B28}
		{09998FDD-447C-49FB-85B8-05AD26D06455} = {B31703D7-484B-4FB3-A7DF-744EF9B45B28}
		{FFEF88D0-0351-48BB-9ED5-3A1A938E9630} = {B31703D7-484B-4FB3-A7DF-744EF9B45B28}
		{F488CABB-487E-4292-9D02-671004720B90} = {8CF02892-31C3-4F39-AC49-DEBA597CF068}
		{C9D351B7-EAD7-4841-84FF-8B24AE177E4E} = {BC04B0F3-A9FA-4519-951D-DF98DBE5471A}
		{819E316C-64EB-45BD-B839-057DD2A53AEC} = {BC04B0F3-A9FA-4519-951D-DF98DBE5471A}
		{29877A3C-5906-4E3D-AFC8-47FB51D707BF} = {BC04B0F3-A9FA-4519-951D-DF98DBE5471A}
		{93C4146D-147F-4886-B2AC-E718B7A57D1B} = {C6FB3DE3-6A02-4B50-ACA9-8EC760ACFD7B}
		{A55E6D85-B259-40C3-87AC-F2BB41DFF8DF} = {C6FB3DE3-6A02-4B50-ACA9-8EC760ACFD7B}
		{400A42C3-F911-4D55-9CD0-A36BE57FB232} = {C6FB3DE3-6A02-4B50-ACA9-8EC760ACFD7B}
		{A86C2E03-62F3-4E24-9384-5B9452C33151} = {BC04B0F3-A9FA-4519-951D-DF98DBE5471A}
		{321E3EF1-2060-4504-ABB8-7222249BA973} = {C6FB3DE3-6A02-4B50-ACA9-8EC760ACFD7B}
		{AD3623FE-D46D-4968-8369-BD5439A6B386} = {C6FB3DE3-6A02-4B50-ACA9-8EC760ACFD7B}
		{E8443487-6360-4666-B09E-3F19C1B0A3E3} = {C6FB3DE3-6A02-4B50-ACA9-8EC760ACFD7B}
		{BBA3BFCC-1BA0-4BF4-A4EC-D82969880D30} = {C6FB3DE3-6A02-4B50-ACA9-8EC760ACFD7B}
		{5869C50F-6EBF-4111-8D40-357883886705} = {7228AB4A-236A-4C21-9C47-393AE423BB35}
		{5EE731EE-20AE-4B44-A73C-358A25945A14} = {FAA24C33-E643-4879-B797-B0DB1EAB1BB0}
		{447D124F-F6B2-4549-A36E-795C1D71EF82} = {7228AB4A-236A-4C21-9C47-393AE423BB35}
		{0FA3A5A7-712A-4F60-9524-5B76B4F5E10E} = {7228AB4A-236A-4C21-9C47-393AE423BB35}
		{71995FCB-A227-4D5E-8FA5-9351CBDB597B} = {7228AB4A-236A-4C21-9C47-393AE423BB35}
		{7AF170B2-7DA9-41FB-B621-E24D9BAB41D7} = {7228AB4A-236A-4C21-9C47-393AE423BB35}
		{5D06813D-1EDD-49F9-B3E0-CEAF759029FD} = {FAA24C33-E643-4879-B797-B0DB1EAB1BB0}
		{3ABB800F-1B52-4EDB-8FA2-F7A6D67D9FAF} = {FAA24C33-E643-4879-B797-B0DB1EAB1BB0}
		{487D58ED-1F87-4A86-BD86-BF84CE4D1EE5} = {E94B41FE-9555-49E6-9C1F-7442F3CD1C25}
		{3D548370-93AC-426C-909B-A714E4B6152A} = {E94B41FE-9555-49E6-9C1F-7442F3CD1C25}
		{2624BE27-7D42-4276-8FB0-9AA03BCC79BF} = {E94B41FE-9555-49E6-9C1F-7442F3CD1C25}
		{CA684825-0150-4BF8-8566-C7CE2358F949} = {E94B41FE-9555-49E6-9C1F-7442F3CD1C25}
		{6E509771-D4A6-4A91-ACD4-A49AF0339BD9} = {E94B41FE-9555-49E6-9C1F-7442F3CD1C25}
		{3E973FF5-FB7B-4B39-A958-4C8CE8241B3E} = {E94B41FE-9555-49E6-9C1F-7442F3CD1C25}
		{3666DEFD-8F67-4677-AB3A-A8D7D7A7275F} = {E94B41FE-9555-49E6-9C1F-7442F3CD1C25}
		{29A3B57A-9096-47AB-9C48-D86ED7D7EFF0} = {E94B41FE-9555-49E6-9C1F-7442F3CD1C25}
		{79ECCB65-3892-49E6-8806-7D5F30241B9C} = {E94B41FE-9555-49E6-9C1F-7442F3CD1C25}
		{A0872336-AF6E-4328-8073-6A2CA2630B40} = {212D0284-9D4F-46C8-8C9A-5ECCE96E412D}
		{06ED69C5-06BC-4C91-8034-FF7F2B6936B3} = {212D0284-9D4F-46C8-8C9A-5ECCE96E412D}
		{97EE3659-D286-417C-B72D-5B87A474C85E} = {212D0284-9D4F-46C8-8C9A-5ECCE96E412D}
		{876ED1C4-2E50-4289-BCCF-C7E5F55C0736} = {212D0284-9D4F-46C8-8C9A-5ECCE96E412D}
		{77599ECE-9E5E-4198-A685-376A1FE01A44} = {212D0284-9D4F-46C8-8C9A-5ECCE96E412D}
		{7A1EC5DD-6B15-48A0-9163-35278024597E} = {212D0284-9D4F-46C8-8C9A-5ECCE96E412D}
	EndGlobalSection
EndGlobal
